
Microsoft Visual Studio Solution File, Format Version 12.00
# Visual Studio 15
VisualStudioVersion = 15.0.27004.2002
MinimumVisualStudioVersion = 10.0.40219.1
Project("{2150E333-8FDC-42A3-9474-1A3956D46DE8}") = "Backend", "Backend", "{FE9D99E7-23EB-4D39-8C1D-060979E26E1D}"
EndProject
Project("{2150E333-8FDC-42A3-9474-1A3956D46DE8}") = "App", "App", "{C3E77A0A-669E-4615-84C8-E8585E741E0C}"
EndProject
Project("{2150E333-8FDC-42A3-9474-1A3956D46DE8}") = "AdminWeb", "AdminWeb", "{5EBBBDC9-1C02-4A5C-877D-123ABBA4D4D4}"
EndProject
Project("{FAE04EC0-301F-11D3-BF4B-00C04F79EFBC}") = "PottiRoma.Api", "PottiRoma.Api\PottiRoma.Api.csproj", "{9ED5FA49-66FD-4646-9A93-63B6CFC689D9}"
EndProject
Project("{9A19103F-16F7-4668-BE54-9A1E7A4F7556}") = "PottiRoma.Services", "PottiRoma.Services\PottiRoma.Services.csproj", "{C8062872-8711-4236-BFD2-B745E85AF656}"
EndProject
Project("{9A19103F-16F7-4668-BE54-9A1E7A4F7556}") = "PottiRoma.Utils", "PottiRoma.Utils\PottiRoma.Utils.csproj", "{F1986902-F873-46A5-A153-588AC1054785}"
EndProject
Project("{9A19103F-16F7-4668-BE54-9A1E7A4F7556}") = "PottiRoma.Entities", "PottiRoma.Entities\PottiRoma.Entities.csproj", "{18A13D5A-23DF-47E6-B7C7-5998473BBE5E}"
EndProject
Project("{9A19103F-16F7-4668-BE54-9A1E7A4F7556}") = "PottiRoma.IoC", "PottiRoma.IoC\PottiRoma.IoC.csproj", "{F6CF4821-4FAC-4EB9-A2B9-7B3C7F6CABE0}"
EndProject
Project("{FAE04EC0-301F-11D3-BF4B-00C04F79EFBC}") = "PottiRoma.DataAccess", "PottiRoma.DataAccess\PottiRoma.DataAccess.csproj", "{8573C05F-2C9F-414D-A75E-03EDFA3D9393}"
EndProject
Project("{FAE04EC0-301F-11D3-BF4B-00C04F79EFBC}") = "PottiRoma.Business", "PottiRoma.Business\PottiRoma.Business.csproj", "{C7B31654-8029-4074-9301-CFAC08F262AB}"
EndProject
Project("{FAE04EC0-301F-11D3-BF4B-00C04F79EFBC}") = "PottiRoma.App.Android", "PottiRoma.App\PottiRoma.App.Android\PottiRoma.App.Android.csproj", "{741FDF79-E8DC-4827-919D-83BA8C46B028}"
EndProject
Project("{FAE04EC0-301F-11D3-BF4B-00C04F79EFBC}") = "PottiRoma.App", "PottiRoma.App\PottiRoma.App\PottiRoma.App.csproj", "{49C52089-B188-439C-B94B-D2AAFC91EA87}"
EndProject
Project("{FAE04EC0-301F-11D3-BF4B-00C04F79EFBC}") = "PottiRoma.App.iOS", "PottiRoma.App\PottiRoma.App.iOS\PottiRoma.App.iOS.csproj", "{1E03A785-C5B1-4859-8E1C-86539E6FB43F}"
EndProject
Project("{FAE04EC0-301F-11D3-BF4B-00C04F79EFBC}") = "PottiRoma.App.Utils", "PottiRoma.App.Utils\PottiRoma.App.Utils.csproj", "{94C320C6-AE88-4DAB-BB16-4F4BC240BDB4}"
EndProject
Project("{FAE04EC0-301F-11D3-BF4B-00C04F79EFBC}") = "PottiRoma.App.Services", "PottiRoma.App.Services\PottiRoma.App.Services.csproj", "{DFC5F4C1-3EBC-4EDF-B768-745414DF25BB}"
EndProject
Project("{FAE04EC0-301F-11D3-BF4B-00C04F79EFBC}") = "PottiRoma.App.Repositories", "PottiRoma.App.Repositories\PottiRoma.App.Repositories.csproj", "{AA62C9C2-6971-4ABD-A979-5DECEA9984CC}"
EndProject
Project("{FAE04EC0-301F-11D3-BF4B-00C04F79EFBC}") = "PottiRoma.App.ApiAccess", "PottiRoma.App.ApiAccess\PottiRoma.App.ApiAccess.csproj", "{3A96A966-7397-4985-A59F-5CB85A1D0087}"
EndProject
Project("{FAE04EC0-301F-11D3-BF4B-00C04F79EFBC}") = "PottiRoma.App.Models", "PottiRoma.App.Models\PottiRoma.App.Models.csproj", "{F6683953-D4B7-4CA7-B30A-BFD6442B4713}"
EndProject
Global
	GlobalSection(SolutionConfigurationPlatforms) = preSolution
		Ad-Hoc|Any CPU = Ad-Hoc|Any CPU
		Ad-Hoc|ARM = Ad-Hoc|ARM
		Ad-Hoc|iPhone = Ad-Hoc|iPhone
		Ad-Hoc|iPhoneSimulator = Ad-Hoc|iPhoneSimulator
		Ad-Hoc|x64 = Ad-Hoc|x64
		Ad-Hoc|x86 = Ad-Hoc|x86
		AppStore|Any CPU = AppStore|Any CPU
		AppStore|ARM = AppStore|ARM
		AppStore|iPhone = AppStore|iPhone
		AppStore|iPhoneSimulator = AppStore|iPhoneSimulator
		AppStore|x64 = AppStore|x64
		AppStore|x86 = AppStore|x86
		Debug|Any CPU = Debug|Any CPU
		Debug|ARM = Debug|ARM
		Debug|iPhone = Debug|iPhone
		Debug|iPhoneSimulator = Debug|iPhoneSimulator
		Debug|x64 = Debug|x64
		Debug|x86 = Debug|x86
		Release|Any CPU = Release|Any CPU
		Release|ARM = Release|ARM
		Release|iPhone = Release|iPhone
		Release|iPhoneSimulator = Release|iPhoneSimulator
		Release|x64 = Release|x64
		Release|x86 = Release|x86
	EndGlobalSection
	GlobalSection(ProjectConfigurationPlatforms) = postSolution
		{9ED5FA49-66FD-4646-9A93-63B6CFC689D9}.Ad-Hoc|Any CPU.ActiveCfg = Release|Any CPU
		{9ED5FA49-66FD-4646-9A93-63B6CFC689D9}.Ad-Hoc|Any CPU.Build.0 = Release|Any CPU
		{9ED5FA49-66FD-4646-9A93-63B6CFC689D9}.Ad-Hoc|ARM.ActiveCfg = Release|Any CPU
		{9ED5FA49-66FD-4646-9A93-63B6CFC689D9}.Ad-Hoc|ARM.Build.0 = Release|Any CPU
		{9ED5FA49-66FD-4646-9A93-63B6CFC689D9}.Ad-Hoc|iPhone.ActiveCfg = Release|Any CPU
		{9ED5FA49-66FD-4646-9A93-63B6CFC689D9}.Ad-Hoc|iPhone.Build.0 = Release|Any CPU
		{9ED5FA49-66FD-4646-9A93-63B6CFC689D9}.Ad-Hoc|iPhoneSimulator.ActiveCfg = Release|Any CPU
		{9ED5FA49-66FD-4646-9A93-63B6CFC689D9}.Ad-Hoc|iPhoneSimulator.Build.0 = Release|Any CPU
		{9ED5FA49-66FD-4646-9A93-63B6CFC689D9}.Ad-Hoc|x64.ActiveCfg = Release|Any CPU
		{9ED5FA49-66FD-4646-9A93-63B6CFC689D9}.Ad-Hoc|x64.Build.0 = Release|Any CPU
		{9ED5FA49-66FD-4646-9A93-63B6CFC689D9}.Ad-Hoc|x86.ActiveCfg = Release|Any CPU
		{9ED5FA49-66FD-4646-9A93-63B6CFC689D9}.Ad-Hoc|x86.Build.0 = Release|Any CPU
		{9ED5FA49-66FD-4646-9A93-63B6CFC689D9}.AppStore|Any CPU.ActiveCfg = Release|Any CPU
		{9ED5FA49-66FD-4646-9A93-63B6CFC689D9}.AppStore|Any CPU.Build.0 = Release|Any CPU
		{9ED5FA49-66FD-4646-9A93-63B6CFC689D9}.AppStore|ARM.ActiveCfg = Release|Any CPU
		{9ED5FA49-66FD-4646-9A93-63B6CFC689D9}.AppStore|ARM.Build.0 = Release|Any CPU
		{9ED5FA49-66FD-4646-9A93-63B6CFC689D9}.AppStore|iPhone.ActiveCfg = Release|Any CPU
		{9ED5FA49-66FD-4646-9A93-63B6CFC689D9}.AppStore|iPhone.Build.0 = Release|Any CPU
		{9ED5FA49-66FD-4646-9A93-63B6CFC689D9}.AppStore|iPhoneSimulator.ActiveCfg = Release|Any CPU
		{9ED5FA49-66FD-4646-9A93-63B6CFC689D9}.AppStore|iPhoneSimulator.Build.0 = Release|Any CPU
		{9ED5FA49-66FD-4646-9A93-63B6CFC689D9}.AppStore|x64.ActiveCfg = Release|Any CPU
		{9ED5FA49-66FD-4646-9A93-63B6CFC689D9}.AppStore|x64.Build.0 = Release|Any CPU
		{9ED5FA49-66FD-4646-9A93-63B6CFC689D9}.AppStore|x86.ActiveCfg = Release|Any CPU
		{9ED5FA49-66FD-4646-9A93-63B6CFC689D9}.AppStore|x86.Build.0 = Release|Any CPU
		{9ED5FA49-66FD-4646-9A93-63B6CFC689D9}.Debug|Any CPU.ActiveCfg = Debug|Any CPU
		{9ED5FA49-66FD-4646-9A93-63B6CFC689D9}.Debug|Any CPU.Build.0 = Debug|Any CPU
		{9ED5FA49-66FD-4646-9A93-63B6CFC689D9}.Debug|ARM.ActiveCfg = Debug|Any CPU
		{9ED5FA49-66FD-4646-9A93-63B6CFC689D9}.Debug|ARM.Build.0 = Debug|Any CPU
		{9ED5FA49-66FD-4646-9A93-63B6CFC689D9}.Debug|iPhone.ActiveCfg = Debug|Any CPU
		{9ED5FA49-66FD-4646-9A93-63B6CFC689D9}.Debug|iPhone.Build.0 = Debug|Any CPU
		{9ED5FA49-66FD-4646-9A93-63B6CFC689D9}.Debug|iPhoneSimulator.ActiveCfg = Debug|Any CPU
		{9ED5FA49-66FD-4646-9A93-63B6CFC689D9}.Debug|iPhoneSimulator.Build.0 = Debug|Any CPU
		{9ED5FA49-66FD-4646-9A93-63B6CFC689D9}.Debug|x64.ActiveCfg = Debug|Any CPU
		{9ED5FA49-66FD-4646-9A93-63B6CFC689D9}.Debug|x64.Build.0 = Debug|Any CPU
		{9ED5FA49-66FD-4646-9A93-63B6CFC689D9}.Debug|x86.ActiveCfg = Debug|Any CPU
		{9ED5FA49-66FD-4646-9A93-63B6CFC689D9}.Debug|x86.Build.0 = Debug|Any CPU
		{9ED5FA49-66FD-4646-9A93-63B6CFC689D9}.Release|Any CPU.ActiveCfg = Release|Any CPU
		{9ED5FA49-66FD-4646-9A93-63B6CFC689D9}.Release|Any CPU.Build.0 = Release|Any CPU
		{9ED5FA49-66FD-4646-9A93-63B6CFC689D9}.Release|ARM.ActiveCfg = Release|Any CPU
		{9ED5FA49-66FD-4646-9A93-63B6CFC689D9}.Release|ARM.Build.0 = Release|Any CPU
		{9ED5FA49-66FD-4646-9A93-63B6CFC689D9}.Release|iPhone.ActiveCfg = Release|Any CPU
		{9ED5FA49-66FD-4646-9A93-63B6CFC689D9}.Release|iPhone.Build.0 = Release|Any CPU
		{9ED5FA49-66FD-4646-9A93-63B6CFC689D9}.Release|iPhoneSimulator.ActiveCfg = Release|Any CPU
		{9ED5FA49-66FD-4646-9A93-63B6CFC689D9}.Release|iPhoneSimulator.Build.0 = Release|Any CPU
		{9ED5FA49-66FD-4646-9A93-63B6CFC689D9}.Release|x64.ActiveCfg = Release|Any CPU
		{9ED5FA49-66FD-4646-9A93-63B6CFC689D9}.Release|x64.Build.0 = Release|Any CPU
		{9ED5FA49-66FD-4646-9A93-63B6CFC689D9}.Release|x86.ActiveCfg = Release|Any CPU
		{9ED5FA49-66FD-4646-9A93-63B6CFC689D9}.Release|x86.Build.0 = Release|Any CPU
		{C8062872-8711-4236-BFD2-B745E85AF656}.Ad-Hoc|Any CPU.ActiveCfg = Release|Any CPU
		{C8062872-8711-4236-BFD2-B745E85AF656}.Ad-Hoc|Any CPU.Build.0 = Release|Any CPU
		{C8062872-8711-4236-BFD2-B745E85AF656}.Ad-Hoc|ARM.ActiveCfg = Release|Any CPU
		{C8062872-8711-4236-BFD2-B745E85AF656}.Ad-Hoc|ARM.Build.0 = Release|Any CPU
		{C8062872-8711-4236-BFD2-B745E85AF656}.Ad-Hoc|iPhone.ActiveCfg = Release|Any CPU
		{C8062872-8711-4236-BFD2-B745E85AF656}.Ad-Hoc|iPhone.Build.0 = Release|Any CPU
		{C8062872-8711-4236-BFD2-B745E85AF656}.Ad-Hoc|iPhoneSimulator.ActiveCfg = Release|Any CPU
		{C8062872-8711-4236-BFD2-B745E85AF656}.Ad-Hoc|iPhoneSimulator.Build.0 = Release|Any CPU
		{C8062872-8711-4236-BFD2-B745E85AF656}.Ad-Hoc|x64.ActiveCfg = Release|Any CPU
		{C8062872-8711-4236-BFD2-B745E85AF656}.Ad-Hoc|x64.Build.0 = Release|Any CPU
		{C8062872-8711-4236-BFD2-B745E85AF656}.Ad-Hoc|x86.ActiveCfg = Release|Any CPU
		{C8062872-8711-4236-BFD2-B745E85AF656}.Ad-Hoc|x86.Build.0 = Release|Any CPU
		{C8062872-8711-4236-BFD2-B745E85AF656}.AppStore|Any CPU.ActiveCfg = Release|Any CPU
		{C8062872-8711-4236-BFD2-B745E85AF656}.AppStore|Any CPU.Build.0 = Release|Any CPU
		{C8062872-8711-4236-BFD2-B745E85AF656}.AppStore|ARM.ActiveCfg = Release|Any CPU
		{C8062872-8711-4236-BFD2-B745E85AF656}.AppStore|ARM.Build.0 = Release|Any CPU
		{C8062872-8711-4236-BFD2-B745E85AF656}.AppStore|iPhone.ActiveCfg = Release|Any CPU
		{C8062872-8711-4236-BFD2-B745E85AF656}.AppStore|iPhone.Build.0 = Release|Any CPU
		{C8062872-8711-4236-BFD2-B745E85AF656}.AppStore|iPhoneSimulator.ActiveCfg = Release|Any CPU
		{C8062872-8711-4236-BFD2-B745E85AF656}.AppStore|iPhoneSimulator.Build.0 = Release|Any CPU
		{C8062872-8711-4236-BFD2-B745E85AF656}.AppStore|x64.ActiveCfg = Release|Any CPU
		{C8062872-8711-4236-BFD2-B745E85AF656}.AppStore|x64.Build.0 = Release|Any CPU
		{C8062872-8711-4236-BFD2-B745E85AF656}.AppStore|x86.ActiveCfg = Release|Any CPU
		{C8062872-8711-4236-BFD2-B745E85AF656}.AppStore|x86.Build.0 = Release|Any CPU
		{C8062872-8711-4236-BFD2-B745E85AF656}.Debug|Any CPU.ActiveCfg = Debug|Any CPU
		{C8062872-8711-4236-BFD2-B745E85AF656}.Debug|Any CPU.Build.0 = Debug|Any CPU
		{C8062872-8711-4236-BFD2-B745E85AF656}.Debug|ARM.ActiveCfg = Debug|Any CPU
		{C8062872-8711-4236-BFD2-B745E85AF656}.Debug|ARM.Build.0 = Debug|Any CPU
		{C8062872-8711-4236-BFD2-B745E85AF656}.Debug|iPhone.ActiveCfg = Debug|Any CPU
		{C8062872-8711-4236-BFD2-B745E85AF656}.Debug|iPhone.Build.0 = Debug|Any CPU
		{C8062872-8711-4236-BFD2-B745E85AF656}.Debug|iPhoneSimulator.ActiveCfg = Debug|Any CPU
		{C8062872-8711-4236-BFD2-B745E85AF656}.Debug|iPhoneSimulator.Build.0 = Debug|Any CPU
		{C8062872-8711-4236-BFD2-B745E85AF656}.Debug|x64.ActiveCfg = Debug|Any CPU
		{C8062872-8711-4236-BFD2-B745E85AF656}.Debug|x64.Build.0 = Debug|Any CPU
		{C8062872-8711-4236-BFD2-B745E85AF656}.Debug|x86.ActiveCfg = Debug|Any CPU
		{C8062872-8711-4236-BFD2-B745E85AF656}.Debug|x86.Build.0 = Debug|Any CPU
		{C8062872-8711-4236-BFD2-B745E85AF656}.Release|Any CPU.ActiveCfg = Release|Any CPU
		{C8062872-8711-4236-BFD2-B745E85AF656}.Release|Any CPU.Build.0 = Release|Any CPU
		{C8062872-8711-4236-BFD2-B745E85AF656}.Release|ARM.ActiveCfg = Release|Any CPU
		{C8062872-8711-4236-BFD2-B745E85AF656}.Release|ARM.Build.0 = Release|Any CPU
		{C8062872-8711-4236-BFD2-B745E85AF656}.Release|iPhone.ActiveCfg = Release|Any CPU
		{C8062872-8711-4236-BFD2-B745E85AF656}.Release|iPhone.Build.0 = Release|Any CPU
		{C8062872-8711-4236-BFD2-B745E85AF656}.Release|iPhoneSimulator.ActiveCfg = Release|Any CPU
		{C8062872-8711-4236-BFD2-B745E85AF656}.Release|iPhoneSimulator.Build.0 = Release|Any CPU
		{C8062872-8711-4236-BFD2-B745E85AF656}.Release|x64.ActiveCfg = Release|Any CPU
		{C8062872-8711-4236-BFD2-B745E85AF656}.Release|x64.Build.0 = Release|Any CPU
		{C8062872-8711-4236-BFD2-B745E85AF656}.Release|x86.ActiveCfg = Release|Any CPU
		{C8062872-8711-4236-BFD2-B745E85AF656}.Release|x86.Build.0 = Release|Any CPU
		{F1986902-F873-46A5-A153-588AC1054785}.Ad-Hoc|Any CPU.ActiveCfg = Release|Any CPU
		{F1986902-F873-46A5-A153-588AC1054785}.Ad-Hoc|Any CPU.Build.0 = Release|Any CPU
		{F1986902-F873-46A5-A153-588AC1054785}.Ad-Hoc|ARM.ActiveCfg = Release|Any CPU
		{F1986902-F873-46A5-A153-588AC1054785}.Ad-Hoc|ARM.Build.0 = Release|Any CPU
		{F1986902-F873-46A5-A153-588AC1054785}.Ad-Hoc|iPhone.ActiveCfg = Release|Any CPU
		{F1986902-F873-46A5-A153-588AC1054785}.Ad-Hoc|iPhone.Build.0 = Release|Any CPU
		{F1986902-F873-46A5-A153-588AC1054785}.Ad-Hoc|iPhoneSimulator.ActiveCfg = Release|Any CPU
		{F1986902-F873-46A5-A153-588AC1054785}.Ad-Hoc|iPhoneSimulator.Build.0 = Release|Any CPU
		{F1986902-F873-46A5-A153-588AC1054785}.Ad-Hoc|x64.ActiveCfg = Release|Any CPU
		{F1986902-F873-46A5-A153-588AC1054785}.Ad-Hoc|x64.Build.0 = Release|Any CPU
		{F1986902-F873-46A5-A153-588AC1054785}.Ad-Hoc|x86.ActiveCfg = Release|Any CPU
		{F1986902-F873-46A5-A153-588AC1054785}.Ad-Hoc|x86.Build.0 = Release|Any CPU
		{F1986902-F873-46A5-A153-588AC1054785}.AppStore|Any CPU.ActiveCfg = Release|Any CPU
		{F1986902-F873-46A5-A153-588AC1054785}.AppStore|Any CPU.Build.0 = Release|Any CPU
		{F1986902-F873-46A5-A153-588AC1054785}.AppStore|ARM.ActiveCfg = Release|Any CPU
		{F1986902-F873-46A5-A153-588AC1054785}.AppStore|ARM.Build.0 = Release|Any CPU
		{F1986902-F873-46A5-A153-588AC1054785}.AppStore|iPhone.ActiveCfg = Release|Any CPU
		{F1986902-F873-46A5-A153-588AC1054785}.AppStore|iPhone.Build.0 = Release|Any CPU
		{F1986902-F873-46A5-A153-588AC1054785}.AppStore|iPhoneSimulator.ActiveCfg = Release|Any CPU
		{F1986902-F873-46A5-A153-588AC1054785}.AppStore|iPhoneSimulator.Build.0 = Release|Any CPU
		{F1986902-F873-46A5-A153-588AC1054785}.AppStore|x64.ActiveCfg = Release|Any CPU
		{F1986902-F873-46A5-A153-588AC1054785}.AppStore|x64.Build.0 = Release|Any CPU
		{F1986902-F873-46A5-A153-588AC1054785}.AppStore|x86.ActiveCfg = Release|Any CPU
		{F1986902-F873-46A5-A153-588AC1054785}.AppStore|x86.Build.0 = Release|Any CPU
		{F1986902-F873-46A5-A153-588AC1054785}.Debug|Any CPU.ActiveCfg = Debug|Any CPU
		{F1986902-F873-46A5-A153-588AC1054785}.Debug|Any CPU.Build.0 = Debug|Any CPU
		{F1986902-F873-46A5-A153-588AC1054785}.Debug|ARM.ActiveCfg = Debug|Any CPU
		{F1986902-F873-46A5-A153-588AC1054785}.Debug|ARM.Build.0 = Debug|Any CPU
		{F1986902-F873-46A5-A153-588AC1054785}.Debug|iPhone.ActiveCfg = Debug|Any CPU
		{F1986902-F873-46A5-A153-588AC1054785}.Debug|iPhone.Build.0 = Debug|Any CPU
		{F1986902-F873-46A5-A153-588AC1054785}.Debug|iPhoneSimulator.ActiveCfg = Debug|Any CPU
		{F1986902-F873-46A5-A153-588AC1054785}.Debug|iPhoneSimulator.Build.0 = Debug|Any CPU
		{F1986902-F873-46A5-A153-588AC1054785}.Debug|x64.ActiveCfg = Debug|Any CPU
		{F1986902-F873-46A5-A153-588AC1054785}.Debug|x64.Build.0 = Debug|Any CPU
		{F1986902-F873-46A5-A153-588AC1054785}.Debug|x86.ActiveCfg = Debug|Any CPU
		{F1986902-F873-46A5-A153-588AC1054785}.Debug|x86.Build.0 = Debug|Any CPU
		{F1986902-F873-46A5-A153-588AC1054785}.Release|Any CPU.ActiveCfg = Release|Any CPU
		{F1986902-F873-46A5-A153-588AC1054785}.Release|Any CPU.Build.0 = Release|Any CPU
		{F1986902-F873-46A5-A153-588AC1054785}.Release|ARM.ActiveCfg = Release|Any CPU
		{F1986902-F873-46A5-A153-588AC1054785}.Release|ARM.Build.0 = Release|Any CPU
		{F1986902-F873-46A5-A153-588AC1054785}.Release|iPhone.ActiveCfg = Release|Any CPU
		{F1986902-F873-46A5-A153-588AC1054785}.Release|iPhone.Build.0 = Release|Any CPU
		{F1986902-F873-46A5-A153-588AC1054785}.Release|iPhoneSimulator.ActiveCfg = Release|Any CPU
		{F1986902-F873-46A5-A153-588AC1054785}.Release|iPhoneSimulator.Build.0 = Release|Any CPU
		{F1986902-F873-46A5-A153-588AC1054785}.Release|x64.ActiveCfg = Release|Any CPU
		{F1986902-F873-46A5-A153-588AC1054785}.Release|x64.Build.0 = Release|Any CPU
		{F1986902-F873-46A5-A153-588AC1054785}.Release|x86.ActiveCfg = Release|Any CPU
		{F1986902-F873-46A5-A153-588AC1054785}.Release|x86.Build.0 = Release|Any CPU
		{18A13D5A-23DF-47E6-B7C7-5998473BBE5E}.Ad-Hoc|Any CPU.ActiveCfg = Release|Any CPU
		{18A13D5A-23DF-47E6-B7C7-5998473BBE5E}.Ad-Hoc|Any CPU.Build.0 = Release|Any CPU
		{18A13D5A-23DF-47E6-B7C7-5998473BBE5E}.Ad-Hoc|ARM.ActiveCfg = Release|Any CPU
		{18A13D5A-23DF-47E6-B7C7-5998473BBE5E}.Ad-Hoc|ARM.Build.0 = Release|Any CPU
		{18A13D5A-23DF-47E6-B7C7-5998473BBE5E}.Ad-Hoc|iPhone.ActiveCfg = Release|Any CPU
		{18A13D5A-23DF-47E6-B7C7-5998473BBE5E}.Ad-Hoc|iPhone.Build.0 = Release|Any CPU
		{18A13D5A-23DF-47E6-B7C7-5998473BBE5E}.Ad-Hoc|iPhoneSimulator.ActiveCfg = Release|Any CPU
		{18A13D5A-23DF-47E6-B7C7-5998473BBE5E}.Ad-Hoc|iPhoneSimulator.Build.0 = Release|Any CPU
		{18A13D5A-23DF-47E6-B7C7-5998473BBE5E}.Ad-Hoc|x64.ActiveCfg = Release|Any CPU
		{18A13D5A-23DF-47E6-B7C7-5998473BBE5E}.Ad-Hoc|x64.Build.0 = Release|Any CPU
		{18A13D5A-23DF-47E6-B7C7-5998473BBE5E}.Ad-Hoc|x86.ActiveCfg = Release|Any CPU
		{18A13D5A-23DF-47E6-B7C7-5998473BBE5E}.Ad-Hoc|x86.Build.0 = Release|Any CPU
		{18A13D5A-23DF-47E6-B7C7-5998473BBE5E}.AppStore|Any CPU.ActiveCfg = Release|Any CPU
		{18A13D5A-23DF-47E6-B7C7-5998473BBE5E}.AppStore|Any CPU.Build.0 = Release|Any CPU
		{18A13D5A-23DF-47E6-B7C7-5998473BBE5E}.AppStore|ARM.ActiveCfg = Release|Any CPU
		{18A13D5A-23DF-47E6-B7C7-5998473BBE5E}.AppStore|ARM.Build.0 = Release|Any CPU
		{18A13D5A-23DF-47E6-B7C7-5998473BBE5E}.AppStore|iPhone.ActiveCfg = Release|Any CPU
		{18A13D5A-23DF-47E6-B7C7-5998473BBE5E}.AppStore|iPhone.Build.0 = Release|Any CPU
		{18A13D5A-23DF-47E6-B7C7-5998473BBE5E}.AppStore|iPhoneSimulator.ActiveCfg = Release|Any CPU
		{18A13D5A-23DF-47E6-B7C7-5998473BBE5E}.AppStore|iPhoneSimulator.Build.0 = Release|Any CPU
		{18A13D5A-23DF-47E6-B7C7-5998473BBE5E}.AppStore|x64.ActiveCfg = Release|Any CPU
		{18A13D5A-23DF-47E6-B7C7-5998473BBE5E}.AppStore|x64.Build.0 = Release|Any CPU
		{18A13D5A-23DF-47E6-B7C7-5998473BBE5E}.AppStore|x86.ActiveCfg = Release|Any CPU
		{18A13D5A-23DF-47E6-B7C7-5998473BBE5E}.AppStore|x86.Build.0 = Release|Any CPU
		{18A13D5A-23DF-47E6-B7C7-5998473BBE5E}.Debug|Any CPU.ActiveCfg = Debug|Any CPU
		{18A13D5A-23DF-47E6-B7C7-5998473BBE5E}.Debug|Any CPU.Build.0 = Debug|Any CPU
		{18A13D5A-23DF-47E6-B7C7-5998473BBE5E}.Debug|ARM.ActiveCfg = Debug|Any CPU
		{18A13D5A-23DF-47E6-B7C7-5998473BBE5E}.Debug|ARM.Build.0 = Debug|Any CPU
		{18A13D5A-23DF-47E6-B7C7-5998473BBE5E}.Debug|iPhone.ActiveCfg = Debug|Any CPU
		{18A13D5A-23DF-47E6-B7C7-5998473BBE5E}.Debug|iPhone.Build.0 = Debug|Any CPU
		{18A13D5A-23DF-47E6-B7C7-5998473BBE5E}.Debug|iPhoneSimulator.ActiveCfg = Debug|Any CPU
		{18A13D5A-23DF-47E6-B7C7-5998473BBE5E}.Debug|iPhoneSimulator.Build.0 = Debug|Any CPU
		{18A13D5A-23DF-47E6-B7C7-5998473BBE5E}.Debug|x64.ActiveCfg = Debug|Any CPU
		{18A13D5A-23DF-47E6-B7C7-5998473BBE5E}.Debug|x64.Build.0 = Debug|Any CPU
		{18A13D5A-23DF-47E6-B7C7-5998473BBE5E}.Debug|x86.ActiveCfg = Debug|Any CPU
		{18A13D5A-23DF-47E6-B7C7-5998473BBE5E}.Debug|x86.Build.0 = Debug|Any CPU
		{18A13D5A-23DF-47E6-B7C7-5998473BBE5E}.Release|Any CPU.ActiveCfg = Release|Any CPU
		{18A13D5A-23DF-47E6-B7C7-5998473BBE5E}.Release|Any CPU.Build.0 = Release|Any CPU
		{18A13D5A-23DF-47E6-B7C7-5998473BBE5E}.Release|ARM.ActiveCfg = Release|Any CPU
		{18A13D5A-23DF-47E6-B7C7-5998473BBE5E}.Release|ARM.Build.0 = Release|Any CPU
		{18A13D5A-23DF-47E6-B7C7-5998473BBE5E}.Release|iPhone.ActiveCfg = Release|Any CPU
		{18A13D5A-23DF-47E6-B7C7-5998473BBE5E}.Release|iPhone.Build.0 = Release|Any CPU
		{18A13D5A-23DF-47E6-B7C7-5998473BBE5E}.Release|iPhoneSimulator.ActiveCfg = Release|Any CPU
		{18A13D5A-23DF-47E6-B7C7-5998473BBE5E}.Release|iPhoneSimulator.Build.0 = Release|Any CPU
		{18A13D5A-23DF-47E6-B7C7-5998473BBE5E}.Release|x64.ActiveCfg = Release|Any CPU
		{18A13D5A-23DF-47E6-B7C7-5998473BBE5E}.Release|x64.Build.0 = Release|Any CPU
		{18A13D5A-23DF-47E6-B7C7-5998473BBE5E}.Release|x86.ActiveCfg = Release|Any CPU
		{18A13D5A-23DF-47E6-B7C7-5998473BBE5E}.Release|x86.Build.0 = Release|Any CPU
		{F6CF4821-4FAC-4EB9-A2B9-7B3C7F6CABE0}.Ad-Hoc|Any CPU.ActiveCfg = Release|Any CPU
		{F6CF4821-4FAC-4EB9-A2B9-7B3C7F6CABE0}.Ad-Hoc|Any CPU.Build.0 = Release|Any CPU
		{F6CF4821-4FAC-4EB9-A2B9-7B3C7F6CABE0}.Ad-Hoc|ARM.ActiveCfg = Release|Any CPU
		{F6CF4821-4FAC-4EB9-A2B9-7B3C7F6CABE0}.Ad-Hoc|ARM.Build.0 = Release|Any CPU
		{F6CF4821-4FAC-4EB9-A2B9-7B3C7F6CABE0}.Ad-Hoc|iPhone.ActiveCfg = Release|Any CPU
		{F6CF4821-4FAC-4EB9-A2B9-7B3C7F6CABE0}.Ad-Hoc|iPhone.Build.0 = Release|Any CPU
		{F6CF4821-4FAC-4EB9-A2B9-7B3C7F6CABE0}.Ad-Hoc|iPhoneSimulator.ActiveCfg = Release|Any CPU
		{F6CF4821-4FAC-4EB9-A2B9-7B3C7F6CABE0}.Ad-Hoc|iPhoneSimulator.Build.0 = Release|Any CPU
		{F6CF4821-4FAC-4EB9-A2B9-7B3C7F6CABE0}.Ad-Hoc|x64.ActiveCfg = Release|Any CPU
		{F6CF4821-4FAC-4EB9-A2B9-7B3C7F6CABE0}.Ad-Hoc|x64.Build.0 = Release|Any CPU
		{F6CF4821-4FAC-4EB9-A2B9-7B3C7F6CABE0}.Ad-Hoc|x86.ActiveCfg = Release|Any CPU
		{F6CF4821-4FAC-4EB9-A2B9-7B3C7F6CABE0}.Ad-Hoc|x86.Build.0 = Release|Any CPU
		{F6CF4821-4FAC-4EB9-A2B9-7B3C7F6CABE0}.AppStore|Any CPU.ActiveCfg = Release|Any CPU
		{F6CF4821-4FAC-4EB9-A2B9-7B3C7F6CABE0}.AppStore|Any CPU.Build.0 = Release|Any CPU
		{F6CF4821-4FAC-4EB9-A2B9-7B3C7F6CABE0}.AppStore|ARM.ActiveCfg = Release|Any CPU
		{F6CF4821-4FAC-4EB9-A2B9-7B3C7F6CABE0}.AppStore|ARM.Build.0 = Release|Any CPU
		{F6CF4821-4FAC-4EB9-A2B9-7B3C7F6CABE0}.AppStore|iPhone.ActiveCfg = Release|Any CPU
		{F6CF4821-4FAC-4EB9-A2B9-7B3C7F6CABE0}.AppStore|iPhone.Build.0 = Release|Any CPU
		{F6CF4821-4FAC-4EB9-A2B9-7B3C7F6CABE0}.AppStore|iPhoneSimulator.ActiveCfg = Release|Any CPU
		{F6CF4821-4FAC-4EB9-A2B9-7B3C7F6CABE0}.AppStore|iPhoneSimulator.Build.0 = Release|Any CPU
		{F6CF4821-4FAC-4EB9-A2B9-7B3C7F6CABE0}.AppStore|x64.ActiveCfg = Release|Any CPU
		{F6CF4821-4FAC-4EB9-A2B9-7B3C7F6CABE0}.AppStore|x64.Build.0 = Release|Any CPU
		{F6CF4821-4FAC-4EB9-A2B9-7B3C7F6CABE0}.AppStore|x86.ActiveCfg = Release|Any CPU
		{F6CF4821-4FAC-4EB9-A2B9-7B3C7F6CABE0}.AppStore|x86.Build.0 = Release|Any CPU
		{F6CF4821-4FAC-4EB9-A2B9-7B3C7F6CABE0}.Debug|Any CPU.ActiveCfg = Debug|Any CPU
		{F6CF4821-4FAC-4EB9-A2B9-7B3C7F6CABE0}.Debug|Any CPU.Build.0 = Debug|Any CPU
		{F6CF4821-4FAC-4EB9-A2B9-7B3C7F6CABE0}.Debug|ARM.ActiveCfg = Debug|Any CPU
		{F6CF4821-4FAC-4EB9-A2B9-7B3C7F6CABE0}.Debug|ARM.Build.0 = Debug|Any CPU
		{F6CF4821-4FAC-4EB9-A2B9-7B3C7F6CABE0}.Debug|iPhone.ActiveCfg = Debug|Any CPU
		{F6CF4821-4FAC-4EB9-A2B9-7B3C7F6CABE0}.Debug|iPhone.Build.0 = Debug|Any CPU
		{F6CF4821-4FAC-4EB9-A2B9-7B3C7F6CABE0}.Debug|iPhoneSimulator.ActiveCfg = Debug|Any CPU
		{F6CF4821-4FAC-4EB9-A2B9-7B3C7F6CABE0}.Debug|iPhoneSimulator.Build.0 = Debug|Any CPU
		{F6CF4821-4FAC-4EB9-A2B9-7B3C7F6CABE0}.Debug|x64.ActiveCfg = Debug|Any CPU
		{F6CF4821-4FAC-4EB9-A2B9-7B3C7F6CABE0}.Debug|x64.Build.0 = Debug|Any CPU
		{F6CF4821-4FAC-4EB9-A2B9-7B3C7F6CABE0}.Debug|x86.ActiveCfg = Debug|Any CPU
		{F6CF4821-4FAC-4EB9-A2B9-7B3C7F6CABE0}.Debug|x86.Build.0 = Debug|Any CPU
		{F6CF4821-4FAC-4EB9-A2B9-7B3C7F6CABE0}.Release|Any CPU.ActiveCfg = Release|Any CPU
		{F6CF4821-4FAC-4EB9-A2B9-7B3C7F6CABE0}.Release|Any CPU.Build.0 = Release|Any CPU
		{F6CF4821-4FAC-4EB9-A2B9-7B3C7F6CABE0}.Release|ARM.ActiveCfg = Release|Any CPU
		{F6CF4821-4FAC-4EB9-A2B9-7B3C7F6CABE0}.Release|ARM.Build.0 = Release|Any CPU
		{F6CF4821-4FAC-4EB9-A2B9-7B3C7F6CABE0}.Release|iPhone.ActiveCfg = Release|Any CPU
		{F6CF4821-4FAC-4EB9-A2B9-7B3C7F6CABE0}.Release|iPhone.Build.0 = Release|Any CPU
		{F6CF4821-4FAC-4EB9-A2B9-7B3C7F6CABE0}.Release|iPhoneSimulator.ActiveCfg = Release|Any CPU
		{F6CF4821-4FAC-4EB9-A2B9-7B3C7F6CABE0}.Release|iPhoneSimulator.Build.0 = Release|Any CPU
		{F6CF4821-4FAC-4EB9-A2B9-7B3C7F6CABE0}.Release|x64.ActiveCfg = Release|Any CPU
		{F6CF4821-4FAC-4EB9-A2B9-7B3C7F6CABE0}.Release|x64.Build.0 = Release|Any CPU
		{F6CF4821-4FAC-4EB9-A2B9-7B3C7F6CABE0}.Release|x86.ActiveCfg = Release|Any CPU
		{F6CF4821-4FAC-4EB9-A2B9-7B3C7F6CABE0}.Release|x86.Build.0 = Release|Any CPU
		{8573C05F-2C9F-414D-A75E-03EDFA3D9393}.Ad-Hoc|Any CPU.ActiveCfg = Release|Any CPU
		{8573C05F-2C9F-414D-A75E-03EDFA3D9393}.Ad-Hoc|Any CPU.Build.0 = Release|Any CPU
		{8573C05F-2C9F-414D-A75E-03EDFA3D9393}.Ad-Hoc|ARM.ActiveCfg = Release|Any CPU
		{8573C05F-2C9F-414D-A75E-03EDFA3D9393}.Ad-Hoc|ARM.Build.0 = Release|Any CPU
		{8573C05F-2C9F-414D-A75E-03EDFA3D9393}.Ad-Hoc|iPhone.ActiveCfg = Release|Any CPU
		{8573C05F-2C9F-414D-A75E-03EDFA3D9393}.Ad-Hoc|iPhone.Build.0 = Release|Any CPU
		{8573C05F-2C9F-414D-A75E-03EDFA3D9393}.Ad-Hoc|iPhoneSimulator.ActiveCfg = Release|Any CPU
		{8573C05F-2C9F-414D-A75E-03EDFA3D9393}.Ad-Hoc|iPhoneSimulator.Build.0 = Release|Any CPU
		{8573C05F-2C9F-414D-A75E-03EDFA3D9393}.Ad-Hoc|x64.ActiveCfg = Release|Any CPU
		{8573C05F-2C9F-414D-A75E-03EDFA3D9393}.Ad-Hoc|x64.Build.0 = Release|Any CPU
		{8573C05F-2C9F-414D-A75E-03EDFA3D9393}.Ad-Hoc|x86.ActiveCfg = Release|Any CPU
		{8573C05F-2C9F-414D-A75E-03EDFA3D9393}.Ad-Hoc|x86.Build.0 = Release|Any CPU
		{8573C05F-2C9F-414D-A75E-03EDFA3D9393}.AppStore|Any CPU.ActiveCfg = Release|Any CPU
		{8573C05F-2C9F-414D-A75E-03EDFA3D9393}.AppStore|Any CPU.Build.0 = Release|Any CPU
		{8573C05F-2C9F-414D-A75E-03EDFA3D9393}.AppStore|ARM.ActiveCfg = Release|Any CPU
		{8573C05F-2C9F-414D-A75E-03EDFA3D9393}.AppStore|ARM.Build.0 = Release|Any CPU
		{8573C05F-2C9F-414D-A75E-03EDFA3D9393}.AppStore|iPhone.ActiveCfg = Release|Any CPU
		{8573C05F-2C9F-414D-A75E-03EDFA3D9393}.AppStore|iPhone.Build.0 = Release|Any CPU
		{8573C05F-2C9F-414D-A75E-03EDFA3D9393}.AppStore|iPhoneSimulator.ActiveCfg = Release|Any CPU
		{8573C05F-2C9F-414D-A75E-03EDFA3D9393}.AppStore|iPhoneSimulator.Build.0 = Release|Any CPU
		{8573C05F-2C9F-414D-A75E-03EDFA3D9393}.AppStore|x64.ActiveCfg = Release|Any CPU
		{8573C05F-2C9F-414D-A75E-03EDFA3D9393}.AppStore|x64.Build.0 = Release|Any CPU
		{8573C05F-2C9F-414D-A75E-03EDFA3D9393}.AppStore|x86.ActiveCfg = Release|Any CPU
		{8573C05F-2C9F-414D-A75E-03EDFA3D9393}.AppStore|x86.Build.0 = Release|Any CPU
		{8573C05F-2C9F-414D-A75E-03EDFA3D9393}.Debug|Any CPU.ActiveCfg = Debug|Any CPU
		{8573C05F-2C9F-414D-A75E-03EDFA3D9393}.Debug|Any CPU.Build.0 = Debug|Any CPU
		{8573C05F-2C9F-414D-A75E-03EDFA3D9393}.Debug|ARM.ActiveCfg = Debug|Any CPU
		{8573C05F-2C9F-414D-A75E-03EDFA3D9393}.Debug|ARM.Build.0 = Debug|Any CPU
		{8573C05F-2C9F-414D-A75E-03EDFA3D9393}.Debug|iPhone.ActiveCfg = Debug|Any CPU
		{8573C05F-2C9F-414D-A75E-03EDFA3D9393}.Debug|iPhone.Build.0 = Debug|Any CPU
		{8573C05F-2C9F-414D-A75E-03EDFA3D9393}.Debug|iPhoneSimulator.ActiveCfg = Debug|Any CPU
		{8573C05F-2C9F-414D-A75E-03EDFA3D9393}.Debug|iPhoneSimulator.Build.0 = Debug|Any CPU
		{8573C05F-2C9F-414D-A75E-03EDFA3D9393}.Debug|x64.ActiveCfg = Debug|Any CPU
		{8573C05F-2C9F-414D-A75E-03EDFA3D9393}.Debug|x64.Build.0 = Debug|Any CPU
		{8573C05F-2C9F-414D-A75E-03EDFA3D9393}.Debug|x86.ActiveCfg = Debug|Any CPU
		{8573C05F-2C9F-414D-A75E-03EDFA3D9393}.Debug|x86.Build.0 = Debug|Any CPU
		{8573C05F-2C9F-414D-A75E-03EDFA3D9393}.Release|Any CPU.ActiveCfg = Release|Any CPU
		{8573C05F-2C9F-414D-A75E-03EDFA3D9393}.Release|Any CPU.Build.0 = Release|Any CPU
		{8573C05F-2C9F-414D-A75E-03EDFA3D9393}.Release|ARM.ActiveCfg = Release|Any CPU
		{8573C05F-2C9F-414D-A75E-03EDFA3D9393}.Release|ARM.Build.0 = Release|Any CPU
		{8573C05F-2C9F-414D-A75E-03EDFA3D9393}.Release|iPhone.ActiveCfg = Release|Any CPU
		{8573C05F-2C9F-414D-A75E-03EDFA3D9393}.Release|iPhone.Build.0 = Release|Any CPU
		{8573C05F-2C9F-414D-A75E-03EDFA3D9393}.Release|iPhoneSimulator.ActiveCfg = Release|Any CPU
		{8573C05F-2C9F-414D-A75E-03EDFA3D9393}.Release|iPhoneSimulator.Build.0 = Release|Any CPU
		{8573C05F-2C9F-414D-A75E-03EDFA3D9393}.Release|x64.ActiveCfg = Release|Any CPU
		{8573C05F-2C9F-414D-A75E-03EDFA3D9393}.Release|x64.Build.0 = Release|Any CPU
		{8573C05F-2C9F-414D-A75E-03EDFA3D9393}.Release|x86.ActiveCfg = Release|Any CPU
		{8573C05F-2C9F-414D-A75E-03EDFA3D9393}.Release|x86.Build.0 = Release|Any CPU
		{C7B31654-8029-4074-9301-CFAC08F262AB}.Ad-Hoc|Any CPU.ActiveCfg = Release|Any CPU
		{C7B31654-8029-4074-9301-CFAC08F262AB}.Ad-Hoc|Any CPU.Build.0 = Release|Any CPU
		{C7B31654-8029-4074-9301-CFAC08F262AB}.Ad-Hoc|ARM.ActiveCfg = Release|Any CPU
		{C7B31654-8029-4074-9301-CFAC08F262AB}.Ad-Hoc|ARM.Build.0 = Release|Any CPU
		{C7B31654-8029-4074-9301-CFAC08F262AB}.Ad-Hoc|iPhone.ActiveCfg = Release|Any CPU
		{C7B31654-8029-4074-9301-CFAC08F262AB}.Ad-Hoc|iPhone.Build.0 = Release|Any CPU
		{C7B31654-8029-4074-9301-CFAC08F262AB}.Ad-Hoc|iPhoneSimulator.ActiveCfg = Release|Any CPU
		{C7B31654-8029-4074-9301-CFAC08F262AB}.Ad-Hoc|iPhoneSimulator.Build.0 = Release|Any CPU
		{C7B31654-8029-4074-9301-CFAC08F262AB}.Ad-Hoc|x64.ActiveCfg = Release|Any CPU
		{C7B31654-8029-4074-9301-CFAC08F262AB}.Ad-Hoc|x64.Build.0 = Release|Any CPU
		{C7B31654-8029-4074-9301-CFAC08F262AB}.Ad-Hoc|x86.ActiveCfg = Release|Any CPU
		{C7B31654-8029-4074-9301-CFAC08F262AB}.Ad-Hoc|x86.Build.0 = Release|Any CPU
		{C7B31654-8029-4074-9301-CFAC08F262AB}.AppStore|Any CPU.ActiveCfg = Release|Any CPU
		{C7B31654-8029-4074-9301-CFAC08F262AB}.AppStore|Any CPU.Build.0 = Release|Any CPU
		{C7B31654-8029-4074-9301-CFAC08F262AB}.AppStore|ARM.ActiveCfg = Release|Any CPU
		{C7B31654-8029-4074-9301-CFAC08F262AB}.AppStore|ARM.Build.0 = Release|Any CPU
		{C7B31654-8029-4074-9301-CFAC08F262AB}.AppStore|iPhone.ActiveCfg = Release|Any CPU
		{C7B31654-8029-4074-9301-CFAC08F262AB}.AppStore|iPhone.Build.0 = Release|Any CPU
		{C7B31654-8029-4074-9301-CFAC08F262AB}.AppStore|iPhoneSimulator.ActiveCfg = Release|Any CPU
		{C7B31654-8029-4074-9301-CFAC08F262AB}.AppStore|iPhoneSimulator.Build.0 = Release|Any CPU
		{C7B31654-8029-4074-9301-CFAC08F262AB}.AppStore|x64.ActiveCfg = Release|Any CPU
		{C7B31654-8029-4074-9301-CFAC08F262AB}.AppStore|x64.Build.0 = Release|Any CPU
		{C7B31654-8029-4074-9301-CFAC08F262AB}.AppStore|x86.ActiveCfg = Release|Any CPU
		{C7B31654-8029-4074-9301-CFAC08F262AB}.AppStore|x86.Build.0 = Release|Any CPU
		{C7B31654-8029-4074-9301-CFAC08F262AB}.Debug|Any CPU.ActiveCfg = Debug|Any CPU
		{C7B31654-8029-4074-9301-CFAC08F262AB}.Debug|Any CPU.Build.0 = Debug|Any CPU
		{C7B31654-8029-4074-9301-CFAC08F262AB}.Debug|ARM.ActiveCfg = Debug|Any CPU
		{C7B31654-8029-4074-9301-CFAC08F262AB}.Debug|ARM.Build.0 = Debug|Any CPU
		{C7B31654-8029-4074-9301-CFAC08F262AB}.Debug|iPhone.ActiveCfg = Debug|Any CPU
		{C7B31654-8029-4074-9301-CFAC08F262AB}.Debug|iPhone.Build.0 = Debug|Any CPU
		{C7B31654-8029-4074-9301-CFAC08F262AB}.Debug|iPhoneSimulator.ActiveCfg = Debug|Any CPU
		{C7B31654-8029-4074-9301-CFAC08F262AB}.Debug|iPhoneSimulator.Build.0 = Debug|Any CPU
		{C7B31654-8029-4074-9301-CFAC08F262AB}.Debug|x64.ActiveCfg = Debug|Any CPU
		{C7B31654-8029-4074-9301-CFAC08F262AB}.Debug|x64.Build.0 = Debug|Any CPU
		{C7B31654-8029-4074-9301-CFAC08F262AB}.Debug|x86.ActiveCfg = Debug|Any CPU
		{C7B31654-8029-4074-9301-CFAC08F262AB}.Debug|x86.Build.0 = Debug|Any CPU
		{C7B31654-8029-4074-9301-CFAC08F262AB}.Release|Any CPU.ActiveCfg = Release|Any CPU
		{C7B31654-8029-4074-9301-CFAC08F262AB}.Release|Any CPU.Build.0 = Release|Any CPU
		{C7B31654-8029-4074-9301-CFAC08F262AB}.Release|ARM.ActiveCfg = Release|Any CPU
		{C7B31654-8029-4074-9301-CFAC08F262AB}.Release|ARM.Build.0 = Release|Any CPU
		{C7B31654-8029-4074-9301-CFAC08F262AB}.Release|iPhone.ActiveCfg = Release|Any CPU
		{C7B31654-8029-4074-9301-CFAC08F262AB}.Release|iPhone.Build.0 = Release|Any CPU
		{C7B31654-8029-4074-9301-CFAC08F262AB}.Release|iPhoneSimulator.ActiveCfg = Release|Any CPU
		{C7B31654-8029-4074-9301-CFAC08F262AB}.Release|iPhoneSimulator.Build.0 = Release|Any CPU
		{C7B31654-8029-4074-9301-CFAC08F262AB}.Release|x64.ActiveCfg = Release|Any CPU
		{C7B31654-8029-4074-9301-CFAC08F262AB}.Release|x64.Build.0 = Release|Any CPU
		{C7B31654-8029-4074-9301-CFAC08F262AB}.Release|x86.ActiveCfg = Release|Any CPU
		{C7B31654-8029-4074-9301-CFAC08F262AB}.Release|x86.Build.0 = Release|Any CPU
		{741FDF79-E8DC-4827-919D-83BA8C46B028}.Ad-Hoc|Any CPU.ActiveCfg = Release|Any CPU
		{741FDF79-E8DC-4827-919D-83BA8C46B028}.Ad-Hoc|Any CPU.Build.0 = Release|Any CPU
		{741FDF79-E8DC-4827-919D-83BA8C46B028}.Ad-Hoc|Any CPU.Deploy.0 = Release|Any CPU
		{741FDF79-E8DC-4827-919D-83BA8C46B028}.Ad-Hoc|ARM.ActiveCfg = Release|Any CPU
		{741FDF79-E8DC-4827-919D-83BA8C46B028}.Ad-Hoc|ARM.Build.0 = Release|Any CPU
		{741FDF79-E8DC-4827-919D-83BA8C46B028}.Ad-Hoc|ARM.Deploy.0 = Release|Any CPU
		{741FDF79-E8DC-4827-919D-83BA8C46B028}.Ad-Hoc|iPhone.ActiveCfg = Release|Any CPU
		{741FDF79-E8DC-4827-919D-83BA8C46B028}.Ad-Hoc|iPhone.Build.0 = Release|Any CPU
		{741FDF79-E8DC-4827-919D-83BA8C46B028}.Ad-Hoc|iPhone.Deploy.0 = Release|Any CPU
		{741FDF79-E8DC-4827-919D-83BA8C46B028}.Ad-Hoc|iPhoneSimulator.ActiveCfg = Release|Any CPU
		{741FDF79-E8DC-4827-919D-83BA8C46B028}.Ad-Hoc|iPhoneSimulator.Build.0 = Release|Any CPU
		{741FDF79-E8DC-4827-919D-83BA8C46B028}.Ad-Hoc|iPhoneSimulator.Deploy.0 = Release|Any CPU
		{741FDF79-E8DC-4827-919D-83BA8C46B028}.Ad-Hoc|x64.ActiveCfg = Release|Any CPU
		{741FDF79-E8DC-4827-919D-83BA8C46B028}.Ad-Hoc|x64.Build.0 = Release|Any CPU
		{741FDF79-E8DC-4827-919D-83BA8C46B028}.Ad-Hoc|x64.Deploy.0 = Release|Any CPU
		{741FDF79-E8DC-4827-919D-83BA8C46B028}.Ad-Hoc|x86.ActiveCfg = Release|Any CPU
		{741FDF79-E8DC-4827-919D-83BA8C46B028}.Ad-Hoc|x86.Build.0 = Release|Any CPU
		{741FDF79-E8DC-4827-919D-83BA8C46B028}.Ad-Hoc|x86.Deploy.0 = Release|Any CPU
		{741FDF79-E8DC-4827-919D-83BA8C46B028}.AppStore|Any CPU.ActiveCfg = Release|Any CPU
		{741FDF79-E8DC-4827-919D-83BA8C46B028}.AppStore|Any CPU.Build.0 = Release|Any CPU
		{741FDF79-E8DC-4827-919D-83BA8C46B028}.AppStore|Any CPU.Deploy.0 = Release|Any CPU
		{741FDF79-E8DC-4827-919D-83BA8C46B028}.AppStore|ARM.ActiveCfg = Release|Any CPU
		{741FDF79-E8DC-4827-919D-83BA8C46B028}.AppStore|ARM.Build.0 = Release|Any CPU
		{741FDF79-E8DC-4827-919D-83BA8C46B028}.AppStore|ARM.Deploy.0 = Release|Any CPU
		{741FDF79-E8DC-4827-919D-83BA8C46B028}.AppStore|iPhone.ActiveCfg = Release|Any CPU
		{741FDF79-E8DC-4827-919D-83BA8C46B028}.AppStore|iPhone.Build.0 = Release|Any CPU
		{741FDF79-E8DC-4827-919D-83BA8C46B028}.AppStore|iPhone.Deploy.0 = Release|Any CPU
		{741FDF79-E8DC-4827-919D-83BA8C46B028}.AppStore|iPhoneSimulator.ActiveCfg = Release|Any CPU
		{741FDF79-E8DC-4827-919D-83BA8C46B028}.AppStore|iPhoneSimulator.Build.0 = Release|Any CPU
		{741FDF79-E8DC-4827-919D-83BA8C46B028}.AppStore|iPhoneSimulator.Deploy.0 = Release|Any CPU
		{741FDF79-E8DC-4827-919D-83BA8C46B028}.AppStore|x64.ActiveCfg = Release|Any CPU
		{741FDF79-E8DC-4827-919D-83BA8C46B028}.AppStore|x64.Build.0 = Release|Any CPU
		{741FDF79-E8DC-4827-919D-83BA8C46B028}.AppStore|x64.Deploy.0 = Release|Any CPU
		{741FDF79-E8DC-4827-919D-83BA8C46B028}.AppStore|x86.ActiveCfg = Release|Any CPU
		{741FDF79-E8DC-4827-919D-83BA8C46B028}.AppStore|x86.Build.0 = Release|Any CPU
		{741FDF79-E8DC-4827-919D-83BA8C46B028}.AppStore|x86.Deploy.0 = Release|Any CPU
		{741FDF79-E8DC-4827-919D-83BA8C46B028}.Debug|Any CPU.ActiveCfg = Debug|Any CPU
		{741FDF79-E8DC-4827-919D-83BA8C46B028}.Debug|Any CPU.Build.0 = Debug|Any CPU
		{741FDF79-E8DC-4827-919D-83BA8C46B028}.Debug|Any CPU.Deploy.0 = Debug|Any CPU
		{741FDF79-E8DC-4827-919D-83BA8C46B028}.Debug|ARM.ActiveCfg = Debug|Any CPU
		{741FDF79-E8DC-4827-919D-83BA8C46B028}.Debug|ARM.Build.0 = Debug|Any CPU
		{741FDF79-E8DC-4827-919D-83BA8C46B028}.Debug|ARM.Deploy.0 = Debug|Any CPU
		{741FDF79-E8DC-4827-919D-83BA8C46B028}.Debug|iPhone.ActiveCfg = Debug|Any CPU
		{741FDF79-E8DC-4827-919D-83BA8C46B028}.Debug|iPhone.Build.0 = Debug|Any CPU
		{741FDF79-E8DC-4827-919D-83BA8C46B028}.Debug|iPhone.Deploy.0 = Debug|Any CPU
		{741FDF79-E8DC-4827-919D-83BA8C46B028}.Debug|iPhoneSimulator.ActiveCfg = Debug|Any CPU
		{741FDF79-E8DC-4827-919D-83BA8C46B028}.Debug|iPhoneSimulator.Build.0 = Debug|Any CPU
		{741FDF79-E8DC-4827-919D-83BA8C46B028}.Debug|iPhoneSimulator.Deploy.0 = Debug|Any CPU
		{741FDF79-E8DC-4827-919D-83BA8C46B028}.Debug|x64.ActiveCfg = Debug|Any CPU
		{741FDF79-E8DC-4827-919D-83BA8C46B028}.Debug|x64.Build.0 = Debug|Any CPU
		{741FDF79-E8DC-4827-919D-83BA8C46B028}.Debug|x64.Deploy.0 = Debug|Any CPU
		{741FDF79-E8DC-4827-919D-83BA8C46B028}.Debug|x86.ActiveCfg = Debug|Any CPU
		{741FDF79-E8DC-4827-919D-83BA8C46B028}.Debug|x86.Build.0 = Debug|Any CPU
		{741FDF79-E8DC-4827-919D-83BA8C46B028}.Debug|x86.Deploy.0 = Debug|Any CPU
		{741FDF79-E8DC-4827-919D-83BA8C46B028}.Release|Any CPU.ActiveCfg = Release|Any CPU
		{741FDF79-E8DC-4827-919D-83BA8C46B028}.Release|Any CPU.Build.0 = Release|Any CPU
		{741FDF79-E8DC-4827-919D-83BA8C46B028}.Release|Any CPU.Deploy.0 = Release|Any CPU
		{741FDF79-E8DC-4827-919D-83BA8C46B028}.Release|ARM.ActiveCfg = Release|Any CPU
		{741FDF79-E8DC-4827-919D-83BA8C46B028}.Release|ARM.Build.0 = Release|Any CPU
		{741FDF79-E8DC-4827-919D-83BA8C46B028}.Release|ARM.Deploy.0 = Release|Any CPU
		{741FDF79-E8DC-4827-919D-83BA8C46B028}.Release|iPhone.ActiveCfg = Release|Any CPU
		{741FDF79-E8DC-4827-919D-83BA8C46B028}.Release|iPhone.Build.0 = Release|Any CPU
		{741FDF79-E8DC-4827-919D-83BA8C46B028}.Release|iPhone.Deploy.0 = Release|Any CPU
		{741FDF79-E8DC-4827-919D-83BA8C46B028}.Release|iPhoneSimulator.ActiveCfg = Release|Any CPU
		{741FDF79-E8DC-4827-919D-83BA8C46B028}.Release|iPhoneSimulator.Build.0 = Release|Any CPU
		{741FDF79-E8DC-4827-919D-83BA8C46B028}.Release|iPhoneSimulator.Deploy.0 = Release|Any CPU
		{741FDF79-E8DC-4827-919D-83BA8C46B028}.Release|x64.ActiveCfg = Release|Any CPU
		{741FDF79-E8DC-4827-919D-83BA8C46B028}.Release|x64.Build.0 = Release|Any CPU
		{741FDF79-E8DC-4827-919D-83BA8C46B028}.Release|x64.Deploy.0 = Release|Any CPU
		{741FDF79-E8DC-4827-919D-83BA8C46B028}.Release|x86.ActiveCfg = Release|Any CPU
		{741FDF79-E8DC-4827-919D-83BA8C46B028}.Release|x86.Build.0 = Release|Any CPU
		{741FDF79-E8DC-4827-919D-83BA8C46B028}.Release|x86.Deploy.0 = Release|Any CPU
		{49C52089-B188-439C-B94B-D2AAFC91EA87}.Ad-Hoc|Any CPU.ActiveCfg = Release|Any CPU
		{49C52089-B188-439C-B94B-D2AAFC91EA87}.Ad-Hoc|Any CPU.Build.0 = Release|Any CPU
		{49C52089-B188-439C-B94B-D2AAFC91EA87}.Ad-Hoc|ARM.ActiveCfg = Release|Any CPU
		{49C52089-B188-439C-B94B-D2AAFC91EA87}.Ad-Hoc|ARM.Build.0 = Release|Any CPU
		{49C52089-B188-439C-B94B-D2AAFC91EA87}.Ad-Hoc|iPhone.ActiveCfg = Release|Any CPU
		{49C52089-B188-439C-B94B-D2AAFC91EA87}.Ad-Hoc|iPhone.Build.0 = Release|Any CPU
		{49C52089-B188-439C-B94B-D2AAFC91EA87}.Ad-Hoc|iPhoneSimulator.ActiveCfg = Release|Any CPU
		{49C52089-B188-439C-B94B-D2AAFC91EA87}.Ad-Hoc|iPhoneSimulator.Build.0 = Release|Any CPU
		{49C52089-B188-439C-B94B-D2AAFC91EA87}.Ad-Hoc|x64.ActiveCfg = Release|Any CPU
		{49C52089-B188-439C-B94B-D2AAFC91EA87}.Ad-Hoc|x64.Build.0 = Release|Any CPU
		{49C52089-B188-439C-B94B-D2AAFC91EA87}.Ad-Hoc|x86.ActiveCfg = Release|Any CPU
		{49C52089-B188-439C-B94B-D2AAFC91EA87}.Ad-Hoc|x86.Build.0 = Release|Any CPU
		{49C52089-B188-439C-B94B-D2AAFC91EA87}.AppStore|Any CPU.ActiveCfg = Release|Any CPU
		{49C52089-B188-439C-B94B-D2AAFC91EA87}.AppStore|Any CPU.Build.0 = Release|Any CPU
		{49C52089-B188-439C-B94B-D2AAFC91EA87}.AppStore|ARM.ActiveCfg = Release|Any CPU
		{49C52089-B188-439C-B94B-D2AAFC91EA87}.AppStore|ARM.Build.0 = Release|Any CPU
		{49C52089-B188-439C-B94B-D2AAFC91EA87}.AppStore|iPhone.ActiveCfg = Release|Any CPU
		{49C52089-B188-439C-B94B-D2AAFC91EA87}.AppStore|iPhone.Build.0 = Release|Any CPU
		{49C52089-B188-439C-B94B-D2AAFC91EA87}.AppStore|iPhoneSimulator.ActiveCfg = Release|Any CPU
		{49C52089-B188-439C-B94B-D2AAFC91EA87}.AppStore|iPhoneSimulator.Build.0 = Release|Any CPU
		{49C52089-B188-439C-B94B-D2AAFC91EA87}.AppStore|x64.ActiveCfg = Release|Any CPU
		{49C52089-B188-439C-B94B-D2AAFC91EA87}.AppStore|x64.Build.0 = Release|Any CPU
		{49C52089-B188-439C-B94B-D2AAFC91EA87}.AppStore|x86.ActiveCfg = Release|Any CPU
		{49C52089-B188-439C-B94B-D2AAFC91EA87}.AppStore|x86.Build.0 = Release|Any CPU
		{49C52089-B188-439C-B94B-D2AAFC91EA87}.Debug|Any CPU.ActiveCfg = Debug|Any CPU
		{49C52089-B188-439C-B94B-D2AAFC91EA87}.Debug|Any CPU.Build.0 = Debug|Any CPU
		{49C52089-B188-439C-B94B-D2AAFC91EA87}.Debug|ARM.ActiveCfg = Debug|Any CPU
		{49C52089-B188-439C-B94B-D2AAFC91EA87}.Debug|ARM.Build.0 = Debug|Any CPU
		{49C52089-B188-439C-B94B-D2AAFC91EA87}.Debug|iPhone.ActiveCfg = Debug|Any CPU
		{49C52089-B188-439C-B94B-D2AAFC91EA87}.Debug|iPhone.Build.0 = Debug|Any CPU
		{49C52089-B188-439C-B94B-D2AAFC91EA87}.Debug|iPhoneSimulator.ActiveCfg = Debug|Any CPU
		{49C52089-B188-439C-B94B-D2AAFC91EA87}.Debug|iPhoneSimulator.Build.0 = Debug|Any CPU
		{49C52089-B188-439C-B94B-D2AAFC91EA87}.Debug|x64.ActiveCfg = Debug|Any CPU
		{49C52089-B188-439C-B94B-D2AAFC91EA87}.Debug|x64.Build.0 = Debug|Any CPU
		{49C52089-B188-439C-B94B-D2AAFC91EA87}.Debug|x86.ActiveCfg = Debug|Any CPU
		{49C52089-B188-439C-B94B-D2AAFC91EA87}.Debug|x86.Build.0 = Debug|Any CPU
		{49C52089-B188-439C-B94B-D2AAFC91EA87}.Release|Any CPU.ActiveCfg = Release|Any CPU
		{49C52089-B188-439C-B94B-D2AAFC91EA87}.Release|Any CPU.Build.0 = Release|Any CPU
		{49C52089-B188-439C-B94B-D2AAFC91EA87}.Release|ARM.ActiveCfg = Release|Any CPU
		{49C52089-B188-439C-B94B-D2AAFC91EA87}.Release|ARM.Build.0 = Release|Any CPU
		{49C52089-B188-439C-B94B-D2AAFC91EA87}.Release|iPhone.ActiveCfg = Release|Any CPU
		{49C52089-B188-439C-B94B-D2AAFC91EA87}.Release|iPhone.Build.0 = Release|Any CPU
		{49C52089-B188-439C-B94B-D2AAFC91EA87}.Release|iPhoneSimulator.ActiveCfg = Release|Any CPU
		{49C52089-B188-439C-B94B-D2AAFC91EA87}.Release|iPhoneSimulator.Build.0 = Release|Any CPU
		{49C52089-B188-439C-B94B-D2AAFC91EA87}.Release|x64.ActiveCfg = Release|Any CPU
		{49C52089-B188-439C-B94B-D2AAFC91EA87}.Release|x64.Build.0 = Release|Any CPU
		{49C52089-B188-439C-B94B-D2AAFC91EA87}.Release|x86.ActiveCfg = Release|Any CPU
		{49C52089-B188-439C-B94B-D2AAFC91EA87}.Release|x86.Build.0 = Release|Any CPU
		{1E03A785-C5B1-4859-8E1C-86539E6FB43F}.Ad-Hoc|Any CPU.ActiveCfg = Ad-Hoc|iPhone
		{1E03A785-C5B1-4859-8E1C-86539E6FB43F}.Ad-Hoc|ARM.ActiveCfg = Ad-Hoc|iPhone
		{1E03A785-C5B1-4859-8E1C-86539E6FB43F}.Ad-Hoc|iPhone.ActiveCfg = Ad-Hoc|iPhone
		{1E03A785-C5B1-4859-8E1C-86539E6FB43F}.Ad-Hoc|iPhone.Build.0 = Ad-Hoc|iPhone
		{1E03A785-C5B1-4859-8E1C-86539E6FB43F}.Ad-Hoc|iPhoneSimulator.ActiveCfg = Ad-Hoc|iPhoneSimulator
		{1E03A785-C5B1-4859-8E1C-86539E6FB43F}.Ad-Hoc|iPhoneSimulator.Build.0 = Ad-Hoc|iPhoneSimulator
		{1E03A785-C5B1-4859-8E1C-86539E6FB43F}.Ad-Hoc|x64.ActiveCfg = Ad-Hoc|iPhone
		{1E03A785-C5B1-4859-8E1C-86539E6FB43F}.Ad-Hoc|x86.ActiveCfg = Ad-Hoc|iPhone
		{1E03A785-C5B1-4859-8E1C-86539E6FB43F}.AppStore|Any CPU.ActiveCfg = AppStore|iPhone
		{1E03A785-C5B1-4859-8E1C-86539E6FB43F}.AppStore|ARM.ActiveCfg = AppStore|iPhone
		{1E03A785-C5B1-4859-8E1C-86539E6FB43F}.AppStore|iPhone.ActiveCfg = AppStore|iPhone
		{1E03A785-C5B1-4859-8E1C-86539E6FB43F}.AppStore|iPhone.Build.0 = AppStore|iPhone
		{1E03A785-C5B1-4859-8E1C-86539E6FB43F}.AppStore|iPhoneSimulator.ActiveCfg = AppStore|iPhoneSimulator
		{1E03A785-C5B1-4859-8E1C-86539E6FB43F}.AppStore|iPhoneSimulator.Build.0 = AppStore|iPhoneSimulator
		{1E03A785-C5B1-4859-8E1C-86539E6FB43F}.AppStore|x64.ActiveCfg = AppStore|iPhone
		{1E03A785-C5B1-4859-8E1C-86539E6FB43F}.AppStore|x86.ActiveCfg = AppStore|iPhone
		{1E03A785-C5B1-4859-8E1C-86539E6FB43F}.Debug|Any CPU.ActiveCfg = Debug|iPhone
		{1E03A785-C5B1-4859-8E1C-86539E6FB43F}.Debug|ARM.ActiveCfg = Debug|iPhone
		{1E03A785-C5B1-4859-8E1C-86539E6FB43F}.Debug|iPhone.ActiveCfg = Debug|iPhone
		{1E03A785-C5B1-4859-8E1C-86539E6FB43F}.Debug|iPhone.Build.0 = Debug|iPhone
		{1E03A785-C5B1-4859-8E1C-86539E6FB43F}.Debug|iPhoneSimulator.ActiveCfg = Debug|iPhoneSimulator
		{1E03A785-C5B1-4859-8E1C-86539E6FB43F}.Debug|iPhoneSimulator.Build.0 = Debug|iPhoneSimulator
		{1E03A785-C5B1-4859-8E1C-86539E6FB43F}.Debug|x64.ActiveCfg = Debug|iPhone
		{1E03A785-C5B1-4859-8E1C-86539E6FB43F}.Debug|x86.ActiveCfg = Debug|iPhone
		{1E03A785-C5B1-4859-8E1C-86539E6FB43F}.Release|Any CPU.ActiveCfg = Release|iPhone
		{1E03A785-C5B1-4859-8E1C-86539E6FB43F}.Release|ARM.ActiveCfg = Release|iPhone
		{1E03A785-C5B1-4859-8E1C-86539E6FB43F}.Release|iPhone.ActiveCfg = Release|iPhone
		{1E03A785-C5B1-4859-8E1C-86539E6FB43F}.Release|iPhone.Build.0 = Release|iPhone
		{1E03A785-C5B1-4859-8E1C-86539E6FB43F}.Release|iPhoneSimulator.ActiveCfg = Release|iPhoneSimulator
		{1E03A785-C5B1-4859-8E1C-86539E6FB43F}.Release|iPhoneSimulator.Build.0 = Release|iPhoneSimulator
		{1E03A785-C5B1-4859-8E1C-86539E6FB43F}.Release|x64.ActiveCfg = Release|iPhone
		{1E03A785-C5B1-4859-8E1C-86539E6FB43F}.Release|x86.ActiveCfg = Release|iPhone
		{94C320C6-AE88-4DAB-BB16-4F4BC240BDB4}.Ad-Hoc|Any CPU.ActiveCfg = Release|Any CPU
		{94C320C6-AE88-4DAB-BB16-4F4BC240BDB4}.Ad-Hoc|Any CPU.Build.0 = Release|Any CPU
		{94C320C6-AE88-4DAB-BB16-4F4BC240BDB4}.Ad-Hoc|ARM.ActiveCfg = Release|Any CPU
		{94C320C6-AE88-4DAB-BB16-4F4BC240BDB4}.Ad-Hoc|ARM.Build.0 = Release|Any CPU
		{94C320C6-AE88-4DAB-BB16-4F4BC240BDB4}.Ad-Hoc|iPhone.ActiveCfg = Release|Any CPU
		{94C320C6-AE88-4DAB-BB16-4F4BC240BDB4}.Ad-Hoc|iPhone.Build.0 = Release|Any CPU
		{94C320C6-AE88-4DAB-BB16-4F4BC240BDB4}.Ad-Hoc|iPhoneSimulator.ActiveCfg = Release|Any CPU
		{94C320C6-AE88-4DAB-BB16-4F4BC240BDB4}.Ad-Hoc|iPhoneSimulator.Build.0 = Release|Any CPU
		{94C320C6-AE88-4DAB-BB16-4F4BC240BDB4}.Ad-Hoc|x64.ActiveCfg = Release|Any CPU
		{94C320C6-AE88-4DAB-BB16-4F4BC240BDB4}.Ad-Hoc|x64.Build.0 = Release|Any CPU
		{94C320C6-AE88-4DAB-BB16-4F4BC240BDB4}.Ad-Hoc|x86.ActiveCfg = Release|Any CPU
		{94C320C6-AE88-4DAB-BB16-4F4BC240BDB4}.Ad-Hoc|x86.Build.0 = Release|Any CPU
		{94C320C6-AE88-4DAB-BB16-4F4BC240BDB4}.AppStore|Any CPU.ActiveCfg = Release|Any CPU
		{94C320C6-AE88-4DAB-BB16-4F4BC240BDB4}.AppStore|Any CPU.Build.0 = Release|Any CPU
		{94C320C6-AE88-4DAB-BB16-4F4BC240BDB4}.AppStore|ARM.ActiveCfg = Release|Any CPU
		{94C320C6-AE88-4DAB-BB16-4F4BC240BDB4}.AppStore|ARM.Build.0 = Release|Any CPU
		{94C320C6-AE88-4DAB-BB16-4F4BC240BDB4}.AppStore|iPhone.ActiveCfg = Release|Any CPU
		{94C320C6-AE88-4DAB-BB16-4F4BC240BDB4}.AppStore|iPhone.Build.0 = Release|Any CPU
		{94C320C6-AE88-4DAB-BB16-4F4BC240BDB4}.AppStore|iPhoneSimulator.ActiveCfg = Release|Any CPU
		{94C320C6-AE88-4DAB-BB16-4F4BC240BDB4}.AppStore|iPhoneSimulator.Build.0 = Release|Any CPU
		{94C320C6-AE88-4DAB-BB16-4F4BC240BDB4}.AppStore|x64.ActiveCfg = Release|Any CPU
		{94C320C6-AE88-4DAB-BB16-4F4BC240BDB4}.AppStore|x64.Build.0 = Release|Any CPU
		{94C320C6-AE88-4DAB-BB16-4F4BC240BDB4}.AppStore|x86.ActiveCfg = Release|Any CPU
		{94C320C6-AE88-4DAB-BB16-4F4BC240BDB4}.AppStore|x86.Build.0 = Release|Any CPU
		{94C320C6-AE88-4DAB-BB16-4F4BC240BDB4}.Debug|Any CPU.ActiveCfg = Debug|Any CPU
		{94C320C6-AE88-4DAB-BB16-4F4BC240BDB4}.Debug|Any CPU.Build.0 = Debug|Any CPU
		{94C320C6-AE88-4DAB-BB16-4F4BC240BDB4}.Debug|ARM.ActiveCfg = Debug|Any CPU
		{94C320C6-AE88-4DAB-BB16-4F4BC240BDB4}.Debug|ARM.Build.0 = Debug|Any CPU
		{94C320C6-AE88-4DAB-BB16-4F4BC240BDB4}.Debug|iPhone.ActiveCfg = Debug|Any CPU
		{94C320C6-AE88-4DAB-BB16-4F4BC240BDB4}.Debug|iPhone.Build.0 = Debug|Any CPU
		{94C320C6-AE88-4DAB-BB16-4F4BC240BDB4}.Debug|iPhoneSimulator.ActiveCfg = Debug|Any CPU
		{94C320C6-AE88-4DAB-BB16-4F4BC240BDB4}.Debug|iPhoneSimulator.Build.0 = Debug|Any CPU
		{94C320C6-AE88-4DAB-BB16-4F4BC240BDB4}.Debug|x64.ActiveCfg = Debug|Any CPU
		{94C320C6-AE88-4DAB-BB16-4F4BC240BDB4}.Debug|x64.Build.0 = Debug|Any CPU
		{94C320C6-AE88-4DAB-BB16-4F4BC240BDB4}.Debug|x86.ActiveCfg = Debug|Any CPU
		{94C320C6-AE88-4DAB-BB16-4F4BC240BDB4}.Debug|x86.Build.0 = Debug|Any CPU
		{94C320C6-AE88-4DAB-BB16-4F4BC240BDB4}.Release|Any CPU.ActiveCfg = Release|Any CPU
		{94C320C6-AE88-4DAB-BB16-4F4BC240BDB4}.Release|Any CPU.Build.0 = Release|Any CPU
		{94C320C6-AE88-4DAB-BB16-4F4BC240BDB4}.Release|ARM.ActiveCfg = Release|Any CPU
		{94C320C6-AE88-4DAB-BB16-4F4BC240BDB4}.Release|ARM.Build.0 = Release|Any CPU
		{94C320C6-AE88-4DAB-BB16-4F4BC240BDB4}.Release|iPhone.ActiveCfg = Release|Any CPU
		{94C320C6-AE88-4DAB-BB16-4F4BC240BDB4}.Release|iPhone.Build.0 = Release|Any CPU
		{94C320C6-AE88-4DAB-BB16-4F4BC240BDB4}.Release|iPhoneSimulator.ActiveCfg = Release|Any CPU
		{94C320C6-AE88-4DAB-BB16-4F4BC240BDB4}.Release|iPhoneSimulator.Build.0 = Release|Any CPU
		{94C320C6-AE88-4DAB-BB16-4F4BC240BDB4}.Release|x64.ActiveCfg = Release|Any CPU
		{94C320C6-AE88-4DAB-BB16-4F4BC240BDB4}.Release|x64.Build.0 = Release|Any CPU
		{94C320C6-AE88-4DAB-BB16-4F4BC240BDB4}.Release|x86.ActiveCfg = Release|Any CPU
		{94C320C6-AE88-4DAB-BB16-4F4BC240BDB4}.Release|x86.Build.0 = Release|Any CPU
		{DFC5F4C1-3EBC-4EDF-B768-745414DF25BB}.Ad-Hoc|Any CPU.ActiveCfg = Release|Any CPU
		{DFC5F4C1-3EBC-4EDF-B768-745414DF25BB}.Ad-Hoc|Any CPU.Build.0 = Release|Any CPU
		{DFC5F4C1-3EBC-4EDF-B768-745414DF25BB}.Ad-Hoc|ARM.ActiveCfg = Release|Any CPU
		{DFC5F4C1-3EBC-4EDF-B768-745414DF25BB}.Ad-Hoc|ARM.Build.0 = Release|Any CPU
		{DFC5F4C1-3EBC-4EDF-B768-745414DF25BB}.Ad-Hoc|iPhone.ActiveCfg = Release|Any CPU
		{DFC5F4C1-3EBC-4EDF-B768-745414DF25BB}.Ad-Hoc|iPhone.Build.0 = Release|Any CPU
		{DFC5F4C1-3EBC-4EDF-B768-745414DF25BB}.Ad-Hoc|iPhoneSimulator.ActiveCfg = Release|Any CPU
		{DFC5F4C1-3EBC-4EDF-B768-745414DF25BB}.Ad-Hoc|iPhoneSimulator.Build.0 = Release|Any CPU
		{DFC5F4C1-3EBC-4EDF-B768-745414DF25BB}.Ad-Hoc|x64.ActiveCfg = Release|Any CPU
		{DFC5F4C1-3EBC-4EDF-B768-745414DF25BB}.Ad-Hoc|x64.Build.0 = Release|Any CPU
		{DFC5F4C1-3EBC-4EDF-B768-745414DF25BB}.Ad-Hoc|x86.ActiveCfg = Release|Any CPU
		{DFC5F4C1-3EBC-4EDF-B768-745414DF25BB}.Ad-Hoc|x86.Build.0 = Release|Any CPU
		{DFC5F4C1-3EBC-4EDF-B768-745414DF25BB}.AppStore|Any CPU.ActiveCfg = Release|Any CPU
		{DFC5F4C1-3EBC-4EDF-B768-745414DF25BB}.AppStore|Any CPU.Build.0 = Release|Any CPU
		{DFC5F4C1-3EBC-4EDF-B768-745414DF25BB}.AppStore|ARM.ActiveCfg = Release|Any CPU
		{DFC5F4C1-3EBC-4EDF-B768-745414DF25BB}.AppStore|ARM.Build.0 = Release|Any CPU
		{DFC5F4C1-3EBC-4EDF-B768-745414DF25BB}.AppStore|iPhone.ActiveCfg = Release|Any CPU
		{DFC5F4C1-3EBC-4EDF-B768-745414DF25BB}.AppStore|iPhone.Build.0 = Release|Any CPU
		{DFC5F4C1-3EBC-4EDF-B768-745414DF25BB}.AppStore|iPhoneSimulator.ActiveCfg = Release|Any CPU
		{DFC5F4C1-3EBC-4EDF-B768-745414DF25BB}.AppStore|iPhoneSimulator.Build.0 = Release|Any CPU
		{DFC5F4C1-3EBC-4EDF-B768-745414DF25BB}.AppStore|x64.ActiveCfg = Release|Any CPU
		{DFC5F4C1-3EBC-4EDF-B768-745414DF25BB}.AppStore|x64.Build.0 = Release|Any CPU
		{DFC5F4C1-3EBC-4EDF-B768-745414DF25BB}.AppStore|x86.ActiveCfg = Release|Any CPU
		{DFC5F4C1-3EBC-4EDF-B768-745414DF25BB}.AppStore|x86.Build.0 = Release|Any CPU
		{DFC5F4C1-3EBC-4EDF-B768-745414DF25BB}.Debug|Any CPU.ActiveCfg = Debug|Any CPU
		{DFC5F4C1-3EBC-4EDF-B768-745414DF25BB}.Debug|Any CPU.Build.0 = Debug|Any CPU
		{DFC5F4C1-3EBC-4EDF-B768-745414DF25BB}.Debug|ARM.ActiveCfg = Debug|Any CPU
		{DFC5F4C1-3EBC-4EDF-B768-745414DF25BB}.Debug|ARM.Build.0 = Debug|Any CPU
		{DFC5F4C1-3EBC-4EDF-B768-745414DF25BB}.Debug|iPhone.ActiveCfg = Debug|Any CPU
		{DFC5F4C1-3EBC-4EDF-B768-745414DF25BB}.Debug|iPhone.Build.0 = Debug|Any CPU
		{DFC5F4C1-3EBC-4EDF-B768-745414DF25BB}.Debug|iPhoneSimulator.ActiveCfg = Debug|Any CPU
		{DFC5F4C1-3EBC-4EDF-B768-745414DF25BB}.Debug|iPhoneSimulator.Build.0 = Debug|Any CPU
		{DFC5F4C1-3EBC-4EDF-B768-745414DF25BB}.Debug|x64.ActiveCfg = Debug|Any CPU
		{DFC5F4C1-3EBC-4EDF-B768-745414DF25BB}.Debug|x64.Build.0 = Debug|Any CPU
		{DFC5F4C1-3EBC-4EDF-B768-745414DF25BB}.Debug|x86.ActiveCfg = Debug|Any CPU
		{DFC5F4C1-3EBC-4EDF-B768-745414DF25BB}.Debug|x86.Build.0 = Debug|Any CPU
		{DFC5F4C1-3EBC-4EDF-B768-745414DF25BB}.Release|Any CPU.ActiveCfg = Release|Any CPU
		{DFC5F4C1-3EBC-4EDF-B768-745414DF25BB}.Release|Any CPU.Build.0 = Release|Any CPU
		{DFC5F4C1-3EBC-4EDF-B768-745414DF25BB}.Release|ARM.ActiveCfg = Release|Any CPU
		{DFC5F4C1-3EBC-4EDF-B768-745414DF25BB}.Release|ARM.Build.0 = Release|Any CPU
		{DFC5F4C1-3EBC-4EDF-B768-745414DF25BB}.Release|iPhone.ActiveCfg = Release|Any CPU
		{DFC5F4C1-3EBC-4EDF-B768-745414DF25BB}.Release|iPhone.Build.0 = Release|Any CPU
		{DFC5F4C1-3EBC-4EDF-B768-745414DF25BB}.Release|iPhoneSimulator.ActiveCfg = Release|Any CPU
		{DFC5F4C1-3EBC-4EDF-B768-745414DF25BB}.Release|iPhoneSimulator.Build.0 = Release|Any CPU
		{DFC5F4C1-3EBC-4EDF-B768-745414DF25BB}.Release|x64.ActiveCfg = Release|Any CPU
		{DFC5F4C1-3EBC-4EDF-B768-745414DF25BB}.Release|x64.Build.0 = Release|Any CPU
		{DFC5F4C1-3EBC-4EDF-B768-745414DF25BB}.Release|x86.ActiveCfg = Release|Any CPU
		{DFC5F4C1-3EBC-4EDF-B768-745414DF25BB}.Release|x86.Build.0 = Release|Any CPU
		{AA62C9C2-6971-4ABD-A979-5DECEA9984CC}.Ad-Hoc|Any CPU.ActiveCfg = Release|Any CPU
		{AA62C9C2-6971-4ABD-A979-5DECEA9984CC}.Ad-Hoc|Any CPU.Build.0 = Release|Any CPU
		{AA62C9C2-6971-4ABD-A979-5DECEA9984CC}.Ad-Hoc|ARM.ActiveCfg = Release|Any CPU
		{AA62C9C2-6971-4ABD-A979-5DECEA9984CC}.Ad-Hoc|ARM.Build.0 = Release|Any CPU
		{AA62C9C2-6971-4ABD-A979-5DECEA9984CC}.Ad-Hoc|iPhone.ActiveCfg = Release|Any CPU
		{AA62C9C2-6971-4ABD-A979-5DECEA9984CC}.Ad-Hoc|iPhone.Build.0 = Release|Any CPU
		{AA62C9C2-6971-4ABD-A979-5DECEA9984CC}.Ad-Hoc|iPhoneSimulator.ActiveCfg = Release|Any CPU
		{AA62C9C2-6971-4ABD-A979-5DECEA9984CC}.Ad-Hoc|iPhoneSimulator.Build.0 = Release|Any CPU
		{AA62C9C2-6971-4ABD-A979-5DECEA9984CC}.Ad-Hoc|x64.ActiveCfg = Release|Any CPU
		{AA62C9C2-6971-4ABD-A979-5DECEA9984CC}.Ad-Hoc|x64.Build.0 = Release|Any CPU
		{AA62C9C2-6971-4ABD-A979-5DECEA9984CC}.Ad-Hoc|x86.ActiveCfg = Release|Any CPU
		{AA62C9C2-6971-4ABD-A979-5DECEA9984CC}.Ad-Hoc|x86.Build.0 = Release|Any CPU
		{AA62C9C2-6971-4ABD-A979-5DECEA9984CC}.AppStore|Any CPU.ActiveCfg = Release|Any CPU
		{AA62C9C2-6971-4ABD-A979-5DECEA9984CC}.AppStore|Any CPU.Build.0 = Release|Any CPU
		{AA62C9C2-6971-4ABD-A979-5DECEA9984CC}.AppStore|ARM.ActiveCfg = Release|Any CPU
		{AA62C9C2-6971-4ABD-A979-5DECEA9984CC}.AppStore|ARM.Build.0 = Release|Any CPU
		{AA62C9C2-6971-4ABD-A979-5DECEA9984CC}.AppStore|iPhone.ActiveCfg = Release|Any CPU
		{AA62C9C2-6971-4ABD-A979-5DECEA9984CC}.AppStore|iPhone.Build.0 = Release|Any CPU
		{AA62C9C2-6971-4ABD-A979-5DECEA9984CC}.AppStore|iPhoneSimulator.ActiveCfg = Release|Any CPU
		{AA62C9C2-6971-4ABD-A979-5DECEA9984CC}.AppStore|iPhoneSimulator.Build.0 = Release|Any CPU
		{AA62C9C2-6971-4ABD-A979-5DECEA9984CC}.AppStore|x64.ActiveCfg = Release|Any CPU
		{AA62C9C2-6971-4ABD-A979-5DECEA9984CC}.AppStore|x64.Build.0 = Release|Any CPU
		{AA62C9C2-6971-4ABD-A979-5DECEA9984CC}.AppStore|x86.ActiveCfg = Release|Any CPU
		{AA62C9C2-6971-4ABD-A979-5DECEA9984CC}.AppStore|x86.Build.0 = Release|Any CPU
		{AA62C9C2-6971-4ABD-A979-5DECEA9984CC}.Debug|Any CPU.ActiveCfg = Debug|Any CPU
		{AA62C9C2-6971-4ABD-A979-5DECEA9984CC}.Debug|Any CPU.Build.0 = Debug|Any CPU
		{AA62C9C2-6971-4ABD-A979-5DECEA9984CC}.Debug|ARM.ActiveCfg = Debug|Any CPU
		{AA62C9C2-6971-4ABD-A979-5DECEA9984CC}.Debug|ARM.Build.0 = Debug|Any CPU
		{AA62C9C2-6971-4ABD-A979-5DECEA9984CC}.Debug|iPhone.ActiveCfg = Debug|Any CPU
		{AA62C9C2-6971-4ABD-A979-5DECEA9984CC}.Debug|iPhone.Build.0 = Debug|Any CPU
		{AA62C9C2-6971-4ABD-A979-5DECEA9984CC}.Debug|iPhoneSimulator.ActiveCfg = Debug|Any CPU
		{AA62C9C2-6971-4ABD-A979-5DECEA9984CC}.Debug|iPhoneSimulator.Build.0 = Debug|Any CPU
		{AA62C9C2-6971-4ABD-A979-5DECEA9984CC}.Debug|x64.ActiveCfg = Debug|Any CPU
		{AA62C9C2-6971-4ABD-A979-5DECEA9984CC}.Debug|x64.Build.0 = Debug|Any CPU
		{AA62C9C2-6971-4ABD-A979-5DECEA9984CC}.Debug|x86.ActiveCfg = Debug|Any CPU
		{AA62C9C2-6971-4ABD-A979-5DECEA9984CC}.Debug|x86.Build.0 = Debug|Any CPU
		{AA62C9C2-6971-4ABD-A979-5DECEA9984CC}.Release|Any CPU.ActiveCfg = Release|Any CPU
		{AA62C9C2-6971-4ABD-A979-5DECEA9984CC}.Release|Any CPU.Build.0 = Release|Any CPU
		{AA62C9C2-6971-4ABD-A979-5DECEA9984CC}.Release|ARM.ActiveCfg = Release|Any CPU
		{AA62C9C2-6971-4ABD-A979-5DECEA9984CC}.Release|ARM.Build.0 = Release|Any CPU
		{AA62C9C2-6971-4ABD-A979-5DECEA9984CC}.Release|iPhone.ActiveCfg = Release|Any CPU
		{AA62C9C2-6971-4ABD-A979-5DECEA9984CC}.Release|iPhone.Build.0 = Release|Any CPU
		{AA62C9C2-6971-4ABD-A979-5DECEA9984CC}.Release|iPhoneSimulator.ActiveCfg = Release|Any CPU
		{AA62C9C2-6971-4ABD-A979-5DECEA9984CC}.Release|iPhoneSimulator.Build.0 = Release|Any CPU
		{AA62C9C2-6971-4ABD-A979-5DECEA9984CC}.Release|x64.ActiveCfg = Release|Any CPU
		{AA62C9C2-6971-4ABD-A979-5DECEA9984CC}.Release|x64.Build.0 = Release|Any CPU
		{AA62C9C2-6971-4ABD-A979-5DECEA9984CC}.Release|x86.ActiveCfg = Release|Any CPU
		{AA62C9C2-6971-4ABD-A979-5DECEA9984CC}.Release|x86.Build.0 = Release|Any CPU
		{3A96A966-7397-4985-A59F-5CB85A1D0087}.Ad-Hoc|Any CPU.ActiveCfg = Release|Any CPU
		{3A96A966-7397-4985-A59F-5CB85A1D0087}.Ad-Hoc|Any CPU.Build.0 = Release|Any CPU
		{3A96A966-7397-4985-A59F-5CB85A1D0087}.Ad-Hoc|ARM.ActiveCfg = Release|Any CPU
		{3A96A966-7397-4985-A59F-5CB85A1D0087}.Ad-Hoc|ARM.Build.0 = Release|Any CPU
		{3A96A966-7397-4985-A59F-5CB85A1D0087}.Ad-Hoc|iPhone.ActiveCfg = Release|Any CPU
		{3A96A966-7397-4985-A59F-5CB85A1D0087}.Ad-Hoc|iPhone.Build.0 = Release|Any CPU
		{3A96A966-7397-4985-A59F-5CB85A1D0087}.Ad-Hoc|iPhoneSimulator.ActiveCfg = Release|Any CPU
		{3A96A966-7397-4985-A59F-5CB85A1D0087}.Ad-Hoc|iPhoneSimulator.Build.0 = Release|Any CPU
		{3A96A966-7397-4985-A59F-5CB85A1D0087}.Ad-Hoc|x64.ActiveCfg = Release|Any CPU
		{3A96A966-7397-4985-A59F-5CB85A1D0087}.Ad-Hoc|x64.Build.0 = Release|Any CPU
		{3A96A966-7397-4985-A59F-5CB85A1D0087}.Ad-Hoc|x86.ActiveCfg = Release|Any CPU
		{3A96A966-7397-4985-A59F-5CB85A1D0087}.Ad-Hoc|x86.Build.0 = Release|Any CPU
		{3A96A966-7397-4985-A59F-5CB85A1D0087}.AppStore|Any CPU.ActiveCfg = Release|Any CPU
		{3A96A966-7397-4985-A59F-5CB85A1D0087}.AppStore|Any CPU.Build.0 = Release|Any CPU
		{3A96A966-7397-4985-A59F-5CB85A1D0087}.AppStore|ARM.ActiveCfg = Release|Any CPU
		{3A96A966-7397-4985-A59F-5CB85A1D0087}.AppStore|ARM.Build.0 = Release|Any CPU
		{3A96A966-7397-4985-A59F-5CB85A1D0087}.AppStore|iPhone.ActiveCfg = Release|Any CPU
		{3A96A966-7397-4985-A59F-5CB85A1D0087}.AppStore|iPhone.Build.0 = Release|Any CPU
		{3A96A966-7397-4985-A59F-5CB85A1D0087}.AppStore|iPhoneSimulator.ActiveCfg = Release|Any CPU
		{3A96A966-7397-4985-A59F-5CB85A1D0087}.AppStore|iPhoneSimulator.Build.0 = Release|Any CPU
		{3A96A966-7397-4985-A59F-5CB85A1D0087}.AppStore|x64.ActiveCfg = Release|Any CPU
		{3A96A966-7397-4985-A59F-5CB85A1D0087}.AppStore|x64.Build.0 = Release|Any CPU
		{3A96A966-7397-4985-A59F-5CB85A1D0087}.AppStore|x86.ActiveCfg = Release|Any CPU
		{3A96A966-7397-4985-A59F-5CB85A1D0087}.AppStore|x86.Build.0 = Release|Any CPU
		{3A96A966-7397-4985-A59F-5CB85A1D0087}.Debug|Any CPU.ActiveCfg = Debug|Any CPU
		{3A96A966-7397-4985-A59F-5CB85A1D0087}.Debug|Any CPU.Build.0 = Debug|Any CPU
		{3A96A966-7397-4985-A59F-5CB85A1D0087}.Debug|ARM.ActiveCfg = Debug|Any CPU
		{3A96A966-7397-4985-A59F-5CB85A1D0087}.Debug|ARM.Build.0 = Debug|Any CPU
		{3A96A966-7397-4985-A59F-5CB85A1D0087}.Debug|iPhone.ActiveCfg = Debug|Any CPU
		{3A96A966-7397-4985-A59F-5CB85A1D0087}.Debug|iPhone.Build.0 = Debug|Any CPU
		{3A96A966-7397-4985-A59F-5CB85A1D0087}.Debug|iPhoneSimulator.ActiveCfg = Debug|Any CPU
		{3A96A966-7397-4985-A59F-5CB85A1D0087}.Debug|iPhoneSimulator.Build.0 = Debug|Any CPU
		{3A96A966-7397-4985-A59F-5CB85A1D0087}.Debug|x64.ActiveCfg = Debug|Any CPU
		{3A96A966-7397-4985-A59F-5CB85A1D0087}.Debug|x64.Build.0 = Debug|Any CPU
		{3A96A966-7397-4985-A59F-5CB85A1D0087}.Debug|x86.ActiveCfg = Debug|Any CPU
		{3A96A966-7397-4985-A59F-5CB85A1D0087}.Debug|x86.Build.0 = Debug|Any CPU
		{3A96A966-7397-4985-A59F-5CB85A1D0087}.Release|Any CPU.ActiveCfg = Release|Any CPU
		{3A96A966-7397-4985-A59F-5CB85A1D0087}.Release|Any CPU.Build.0 = Release|Any CPU
		{3A96A966-7397-4985-A59F-5CB85A1D0087}.Release|ARM.ActiveCfg = Release|Any CPU
		{3A96A966-7397-4985-A59F-5CB85A1D0087}.Release|ARM.Build.0 = Release|Any CPU
		{3A96A966-7397-4985-A59F-5CB85A1D0087}.Release|iPhone.ActiveCfg = Release|Any CPU
		{3A96A966-7397-4985-A59F-5CB85A1D0087}.Release|iPhone.Build.0 = Release|Any CPU
		{3A96A966-7397-4985-A59F-5CB85A1D0087}.Release|iPhoneSimulator.ActiveCfg = Release|Any CPU
		{3A96A966-7397-4985-A59F-5CB85A1D0087}.Release|iPhoneSimulator.Build.0 = Release|Any CPU
		{3A96A966-7397-4985-A59F-5CB85A1D0087}.Release|x64.ActiveCfg = Release|Any CPU
		{3A96A966-7397-4985-A59F-5CB85A1D0087}.Release|x64.Build.0 = Release|Any CPU
		{3A96A966-7397-4985-A59F-5CB85A1D0087}.Release|x86.ActiveCfg = Release|Any CPU
		{3A96A966-7397-4985-A59F-5CB85A1D0087}.Release|x86.Build.0 = Release|Any CPU
		{F6683953-D4B7-4CA7-B30A-BFD6442B4713}.Ad-Hoc|Any CPU.ActiveCfg = Release|Any CPU
		{F6683953-D4B7-4CA7-B30A-BFD6442B4713}.Ad-Hoc|Any CPU.Build.0 = Release|Any CPU
		{F6683953-D4B7-4CA7-B30A-BFD6442B4713}.Ad-Hoc|ARM.ActiveCfg = Release|Any CPU
		{F6683953-D4B7-4CA7-B30A-BFD6442B4713}.Ad-Hoc|ARM.Build.0 = Release|Any CPU
		{F6683953-D4B7-4CA7-B30A-BFD6442B4713}.Ad-Hoc|iPhone.ActiveCfg = Release|Any CPU
		{F6683953-D4B7-4CA7-B30A-BFD6442B4713}.Ad-Hoc|iPhone.Build.0 = Release|Any CPU
		{F6683953-D4B7-4CA7-B30A-BFD6442B4713}.Ad-Hoc|iPhoneSimulator.ActiveCfg = Release|Any CPU
		{F6683953-D4B7-4CA7-B30A-BFD6442B4713}.Ad-Hoc|iPhoneSimulator.Build.0 = Release|Any CPU
		{F6683953-D4B7-4CA7-B30A-BFD6442B4713}.Ad-Hoc|x64.ActiveCfg = Release|Any CPU
		{F6683953-D4B7-4CA7-B30A-BFD6442B4713}.Ad-Hoc|x64.Build.0 = Release|Any CPU
		{F6683953-D4B7-4CA7-B30A-BFD6442B4713}.Ad-Hoc|x86.ActiveCfg = Release|Any CPU
		{F6683953-D4B7-4CA7-B30A-BFD6442B4713}.Ad-Hoc|x86.Build.0 = Release|Any CPU
		{F6683953-D4B7-4CA7-B30A-BFD6442B4713}.AppStore|Any CPU.ActiveCfg = Release|Any CPU
		{F6683953-D4B7-4CA7-B30A-BFD6442B4713}.AppStore|Any CPU.Build.0 = Release|Any CPU
		{F6683953-D4B7-4CA7-B30A-BFD6442B4713}.AppStore|ARM.ActiveCfg = Release|Any CPU
		{F6683953-D4B7-4CA7-B30A-BFD6442B4713}.AppStore|ARM.Build.0 = Release|Any CPU
		{F6683953-D4B7-4CA7-B30A-BFD6442B4713}.AppStore|iPhone.ActiveCfg = Release|Any CPU
		{F6683953-D4B7-4CA7-B30A-BFD6442B4713}.AppStore|iPhone.Build.0 = Release|Any CPU
		{F6683953-D4B7-4CA7-B30A-BFD6442B4713}.AppStore|iPhoneSimulator.ActiveCfg = Release|Any CPU
		{F6683953-D4B7-4CA7-B30A-BFD6442B4713}.AppStore|iPhoneSimulator.Build.0 = Release|Any CPU
		{F6683953-D4B7-4CA7-B30A-BFD6442B4713}.AppStore|x64.ActiveCfg = Release|Any CPU
		{F6683953-D4B7-4CA7-B30A-BFD6442B4713}.AppStore|x64.Build.0 = Release|Any CPU
		{F6683953-D4B7-4CA7-B30A-BFD6442B4713}.AppStore|x86.ActiveCfg = Release|Any CPU
		{F6683953-D4B7-4CA7-B30A-BFD6442B4713}.AppStore|x86.Build.0 = Release|Any CPU
		{F6683953-D4B7-4CA7-B30A-BFD6442B4713}.Debug|Any CPU.ActiveCfg = Debug|Any CPU
		{F6683953-D4B7-4CA7-B30A-BFD6442B4713}.Debug|Any CPU.Build.0 = Debug|Any CPU
		{F6683953-D4B7-4CA7-B30A-BFD6442B4713}.Debug|ARM.ActiveCfg = Debug|Any CPU
		{F6683953-D4B7-4CA7-B30A-BFD6442B4713}.Debug|ARM.Build.0 = Debug|Any CPU
		{F6683953-D4B7-4CA7-B30A-BFD6442B4713}.Debug|iPhone.ActiveCfg = Debug|Any CPU
		{F6683953-D4B7-4CA7-B30A-BFD6442B4713}.Debug|iPhone.Build.0 = Debug|Any CPU
		{F6683953-D4B7-4CA7-B30A-BFD6442B4713}.Debug|iPhoneSimulator.ActiveCfg = Debug|Any CPU
		{F6683953-D4B7-4CA7-B30A-BFD6442B4713}.Debug|iPhoneSimulator.Build.0 = Debug|Any CPU
		{F6683953-D4B7-4CA7-B30A-BFD6442B4713}.Debug|x64.ActiveCfg = Debug|Any CPU
		{F6683953-D4B7-4CA7-B30A-BFD6442B4713}.Debug|x64.Build.0 = Debug|Any CPU
		{F6683953-D4B7-4CA7-B30A-BFD6442B4713}.Debug|x86.ActiveCfg = Debug|Any CPU
		{F6683953-D4B7-4CA7-B30A-BFD6442B4713}.Debug|x86.Build.0 = Debug|Any CPU
		{F6683953-D4B7-4CA7-B30A-BFD6442B4713}.Release|Any CPU.ActiveCfg = Release|Any CPU
		{F6683953-D4B7-4CA7-B30A-BFD6442B4713}.Release|Any CPU.Build.0 = Release|Any CPU
		{F6683953-D4B7-4CA7-B30A-BFD6442B4713}.Release|ARM.ActiveCfg = Release|Any CPU
		{F6683953-D4B7-4CA7-B30A-BFD6442B4713}.Release|ARM.Build.0 = Release|Any CPU
		{F6683953-D4B7-4CA7-B30A-BFD6442B4713}.Release|iPhone.ActiveCfg = Release|Any CPU
		{F6683953-D4B7-4CA7-B30A-BFD6442B4713}.Release|iPhone.Build.0 = Release|Any CPU
		{F6683953-D4B7-4CA7-B30A-BFD6442B4713}.Release|iPhoneSimulator.ActiveCfg = Release|Any CPU
		{F6683953-D4B7-4CA7-B30A-BFD6442B4713}.Release|iPhoneSimulator.Build.0 = Release|Any CPU
		{F6683953-D4B7-4CA7-B30A-BFD6442B4713}.Release|x64.ActiveCfg = Release|Any CPU
		{F6683953-D4B7-4CA7-B30A-BFD6442B4713}.Release|x64.Build.0 = Release|Any CPU
		{F6683953-D4B7-4CA7-B30A-BFD6442B4713}.Release|x86.ActiveCfg = Release|Any CPU
		{F6683953-D4B7-4CA7-B30A-BFD6442B4713}.Release|x86.Build.0 = Release|Any CPU
	EndGlobalSection
	GlobalSection(SolutionProperties) = preSolution
		HideSolutionNode = FALSE
	EndGlobalSection
	GlobalSection(NestedProjects) = preSolution
		{9ED5FA49-66FD-4646-9A93-63B6CFC689D9} = {FE9D99E7-23EB-4D39-8C1D-060979E26E1D}
		{C8062872-8711-4236-BFD2-B745E85AF656} = {FE9D99E7-23EB-4D39-8C1D-060979E26E1D}
		{F1986902-F873-46A5-A153-588AC1054785} = {FE9D99E7-23EB-4D39-8C1D-060979E26E1D}
		{18A13D5A-23DF-47E6-B7C7-5998473BBE5E} = {FE9D99E7-23EB-4D39-8C1D-060979E26E1D}
		{F6CF4821-4FAC-4EB9-A2B9-7B3C7F6CABE0} = {FE9D99E7-23EB-4D39-8C1D-060979E26E1D}
		{8573C05F-2C9F-414D-A75E-03EDFA3D9393} = {FE9D99E7-23EB-4D39-8C1D-060979E26E1D}
		{C7B31654-8029-4074-9301-CFAC08F262AB} = {FE9D99E7-23EB-4D39-8C1D-060979E26E1D}
		{741FDF79-E8DC-4827-919D-83BA8C46B028} = {C3E77A0A-669E-4615-84C8-E8585E741E0C}
		{49C52089-B188-439C-B94B-D2AAFC91EA87} = {C3E77A0A-669E-4615-84C8-E8585E741E0C}
		{1E03A785-C5B1-4859-8E1C-86539E6FB43F} = {C3E77A0A-669E-4615-84C8-E8585E741E0C}
		{94C320C6-AE88-4DAB-BB16-4F4BC240BDB4} = {C3E77A0A-669E-4615-84C8-E8585E741E0C}
		{DFC5F4C1-3EBC-4EDF-B768-745414DF25BB} = {C3E77A0A-669E-4615-84C8-E8585E741E0C}
		{AA62C9C2-6971-4ABD-A979-5DECEA9984CC} = {C3E77A0A-669E-4615-84C8-E8585E741E0C}
		{3A96A966-7397-4985-A59F-5CB85A1D0087} = {C3E77A0A-669E-4615-84C8-E8585E741E0C}
		{F6683953-D4B7-4CA7-B30A-BFD6442B4713} = {C3E77A0A-669E-4615-84C8-E8585E741E0C}
	EndGlobalSection
	GlobalSection(ExtensibilityGlobals) = postSolution
		SolutionGuid = {9A10C529-D2A0-4613-907B-1C32FEA4C0AB}
	EndGlobalSection
EndGlobal
