
Microsoft Visual Studio Solution File, Format Version 12.00
# Visual Studio 15
VisualStudioVersion = 15.0.27004.2002
MinimumVisualStudioVersion = 10.0.40219.1
Project("{2150E333-8FDC-42A3-9474-1A3956D46DE8}") = "Backend", "Backend", "{FE9D99E7-23EB-4D39-8C1D-060979E26E1D}"
EndProject
Project("{2150E333-8FDC-42A3-9474-1A3956D46DE8}") = "App", "App", "{C3E77A0A-669E-4615-84C8-E8585E741E0C}"
EndProject
Project("{2150E333-8FDC-42A3-9474-1A3956D46DE8}") = "AdminWeb", "AdminWeb", "{5EBBBDC9-1C02-4A5C-877D-123ABBA4D4D4}"
EndProject
Project("{FAE04EC0-301F-11D3-BF4B-00C04F79EFBC}") = "PottiRoma.Api", "PottiRoma.Api\PottiRoma.Api.csproj", "{9ED5FA49-66FD-4646-9A93-63B6CFC689D9}"
EndProject
Global
	GlobalSection(SolutionConfigurationPlatforms) = preSolution
		Debug|Any CPU = Debug|Any CPU
		Release|Any CPU = Release|Any CPU
	EndGlobalSection
	GlobalSection(ProjectConfigurationPlatforms) = postSolution
		{9ED5FA49-66FD-4646-9A93-63B6CFC689D9}.Debug|Any CPU.ActiveCfg = Debug|Any CPU
		{9ED5FA49-66FD-4646-9A93-63B6CFC689D9}.Debug|Any CPU.Build.0 = Debug|Any CPU
		{9ED5FA49-66FD-4646-9A93-63B6CFC689D9}.Release|Any CPU.ActiveCfg = Release|Any CPU
		{9ED5FA49-66FD-4646-9A93-63B6CFC689D9}.Release|Any CPU.Build.0 = Release|Any CPU
	EndGlobalSection
	GlobalSection(SolutionProperties) = preSolution
		HideSolutionNode = FALSE
	EndGlobalSection
	GlobalSection(NestedProjects) = preSolution
		{9ED5FA49-66FD-4646-9A93-63B6CFC689D9} = {FE9D99E7-23EB-4D39-8C1D-060979E26E1D}
	EndGlobalSection
	GlobalSection(ExtensibilityGlobals) = postSolution
		SolutionGuid = {9A10C529-D2A0-4613-907B-1C32FEA4C0AB}
	EndGlobalSection
EndGlobal
