
Microsoft Visual Studio Solution File, Format Version 12.00
# Visual Studio 15
VisualStudioVersion = 15.0.26730.3
MinimumVisualStudioVersion = 10.0.40219.1
Project("{2150E333-8FDC-42A3-9474-1A3956D46DE8}") = "Backend", "Backend", "{FE9D99E7-23EB-4D39-8C1D-060979E26E1D}"
EndProject
Project("{2150E333-8FDC-42A3-9474-1A3956D46DE8}") = "App", "App", "{C3E77A0A-669E-4615-84C8-E8585E741E0C}"
EndProject
Project("{2150E333-8FDC-42A3-9474-1A3956D46DE8}") = "AdminWeb", "AdminWeb", "{5EBBBDC9-1C02-4A5C-877D-123ABBA4D4D4}"
EndProject
Project("{FAE04EC0-301F-11D3-BF4B-00C04F79EFBC}") = "PottiRoma.Api", "PottiRoma.Api\PottiRoma.Api.csproj", "{9ED5FA49-66FD-4646-9A93-63B6CFC689D9}"
EndProject
Project("{FAE04EC0-301F-11D3-BF4B-00C04F79EFBC}") = "PottiRoma.DataAccess", "PottiRoma.DataAccess\PottiRoma.DataAccess.csproj", "{8573C05F-2C9F-414D-A75E-03EDFA3D9393}"
EndProject
Project("{FAE04EC0-301F-11D3-BF4B-00C04F79EFBC}") = "PottiRoma.Business", "PottiRoma.Business\PottiRoma.Business.csproj", "{C7B31654-8029-4074-9301-CFAC08F262AB}"
EndProject
Project("{FAE04EC0-301F-11D3-BF4B-00C04F79EFBC}") = "PottiRoma.IoC", "PottiRoma.IoC\PottiRoma.IoC.csproj", "{2F965862-46E6-4FDF-A907-D64D793583E0}"
EndProject
Project("{FAE04EC0-301F-11D3-BF4B-00C04F79EFBC}") = "PottiRoma.Services", "PottiRoma.Services\PottiRoma.Services.csproj", "{80565B9A-5C78-4151-B434-B752D8A23474}"
EndProject
Project("{FAE04EC0-301F-11D3-BF4B-00C04F79EFBC}") = "PottiRoma.Utils", "PottiRoma.Utils\PottiRoma.Utils.csproj", "{05508404-B1F3-4011-8BEC-6BC0944C7B63}"
EndProject
Project("{FAE04EC0-301F-11D3-BF4B-00C04F79EFBC}") = "PottiRoma.Entities", "PottiRoma.Entities\PottiRoma.Entities.csproj", "{1DF79271-77A2-4066-816F-8F03BBAF6938}"
EndProject
Global
	GlobalSection(SolutionConfigurationPlatforms) = preSolution
		Debug|Any CPU = Debug|Any CPU
		Release|Any CPU = Release|Any CPU
	EndGlobalSection
	GlobalSection(ProjectConfigurationPlatforms) = postSolution
		{9ED5FA49-66FD-4646-9A93-63B6CFC689D9}.Debug|Any CPU.ActiveCfg = Debug|Any CPU
		{9ED5FA49-66FD-4646-9A93-63B6CFC689D9}.Debug|Any CPU.Build.0 = Debug|Any CPU
		{9ED5FA49-66FD-4646-9A93-63B6CFC689D9}.Release|Any CPU.ActiveCfg = Release|Any CPU
		{9ED5FA49-66FD-4646-9A93-63B6CFC689D9}.Release|Any CPU.Build.0 = Release|Any CPU
		{8573C05F-2C9F-414D-A75E-03EDFA3D9393}.Debug|Any CPU.ActiveCfg = Debug|Any CPU
		{8573C05F-2C9F-414D-A75E-03EDFA3D9393}.Debug|Any CPU.Build.0 = Debug|Any CPU
		{8573C05F-2C9F-414D-A75E-03EDFA3D9393}.Release|Any CPU.ActiveCfg = Release|Any CPU
		{8573C05F-2C9F-414D-A75E-03EDFA3D9393}.Release|Any CPU.Build.0 = Release|Any CPU
		{C7B31654-8029-4074-9301-CFAC08F262AB}.Debug|Any CPU.ActiveCfg = Debug|Any CPU
		{C7B31654-8029-4074-9301-CFAC08F262AB}.Debug|Any CPU.Build.0 = Debug|Any CPU
		{C7B31654-8029-4074-9301-CFAC08F262AB}.Release|Any CPU.ActiveCfg = Release|Any CPU
		{C7B31654-8029-4074-9301-CFAC08F262AB}.Release|Any CPU.Build.0 = Release|Any CPU
		{2F965862-46E6-4FDF-A907-D64D793583E0}.Debug|Any CPU.ActiveCfg = Debug|Any CPU
		{2F965862-46E6-4FDF-A907-D64D793583E0}.Debug|Any CPU.Build.0 = Debug|Any CPU
		{2F965862-46E6-4FDF-A907-D64D793583E0}.Release|Any CPU.ActiveCfg = Release|Any CPU
		{2F965862-46E6-4FDF-A907-D64D793583E0}.Release|Any CPU.Build.0 = Release|Any CPU
		{80565B9A-5C78-4151-B434-B752D8A23474}.Debug|Any CPU.ActiveCfg = Debug|Any CPU
		{80565B9A-5C78-4151-B434-B752D8A23474}.Debug|Any CPU.Build.0 = Debug|Any CPU
		{80565B9A-5C78-4151-B434-B752D8A23474}.Release|Any CPU.ActiveCfg = Release|Any CPU
		{80565B9A-5C78-4151-B434-B752D8A23474}.Release|Any CPU.Build.0 = Release|Any CPU
		{05508404-B1F3-4011-8BEC-6BC0944C7B63}.Debug|Any CPU.ActiveCfg = Debug|Any CPU
		{05508404-B1F3-4011-8BEC-6BC0944C7B63}.Debug|Any CPU.Build.0 = Debug|Any CPU
		{05508404-B1F3-4011-8BEC-6BC0944C7B63}.Release|Any CPU.ActiveCfg = Release|Any CPU
		{05508404-B1F3-4011-8BEC-6BC0944C7B63}.Release|Any CPU.Build.0 = Release|Any CPU
		{1DF79271-77A2-4066-816F-8F03BBAF6938}.Debug|Any CPU.ActiveCfg = Debug|Any CPU
		{1DF79271-77A2-4066-816F-8F03BBAF6938}.Debug|Any CPU.Build.0 = Debug|Any CPU
		{1DF79271-77A2-4066-816F-8F03BBAF6938}.Release|Any CPU.ActiveCfg = Release|Any CPU
		{1DF79271-77A2-4066-816F-8F03BBAF6938}.Release|Any CPU.Build.0 = Release|Any CPU
	EndGlobalSection
	GlobalSection(SolutionProperties) = preSolution
		HideSolutionNode = FALSE
	EndGlobalSection
	GlobalSection(NestedProjects) = preSolution
		{9ED5FA49-66FD-4646-9A93-63B6CFC689D9} = {FE9D99E7-23EB-4D39-8C1D-060979E26E1D}
		{8573C05F-2C9F-414D-A75E-03EDFA3D9393} = {FE9D99E7-23EB-4D39-8C1D-060979E26E1D}
		{C7B31654-8029-4074-9301-CFAC08F262AB} = {FE9D99E7-23EB-4D39-8C1D-060979E26E1D}
		{2F965862-46E6-4FDF-A907-D64D793583E0} = {FE9D99E7-23EB-4D39-8C1D-060979E26E1D}
		{80565B9A-5C78-4151-B434-B752D8A23474} = {FE9D99E7-23EB-4D39-8C1D-060979E26E1D}
		{05508404-B1F3-4011-8BEC-6BC0944C7B63} = {FE9D99E7-23EB-4D39-8C1D-060979E26E1D}
		{1DF79271-77A2-4066-816F-8F03BBAF6938} = {FE9D99E7-23EB-4D39-8C1D-060979E26E1D}
	EndGlobalSection
	GlobalSection(ExtensibilityGlobals) = postSolution
		SolutionGuid = {9A10C529-D2A0-4613-907B-1C32FEA4C0AB}
	EndGlobalSection
EndGlobal
